{
  "version": 4,
  "terraform_version": "1.1.9",
  "serial": 356,
  "lineage": "55eec127-5e2c-9280-1a5a-4d9cebe74175",
  "outputs": {},
  "resources": [
    {
      "mode": "managed",
      "type": "aws_key_pair",
      "name": "vinh_key_1",
      "provider": "provider[\"registry.terraform.io/hashicorp/aws\"]",
      "instances": [
        {
          "schema_version": 1,
          "attributes": {
            "arn": "arn:aws:ec2:us-east-1:999841755538:key-pair/vinhkey",
            "fingerprint": "52:97:f2:80:53:52:32:d3:ee:8d:a3:53:2b:79:f1:d1",
            "id": "vinhkey",
            "key_name": "vinhkey",
            "key_name_prefix": "",
            "key_pair_id": "key-0bde0ed2c017113c3",
            "key_type": "rsa",
            "public_key": "ssh-rsa AAAAB3NzaC1yc2EAAAADAQABAAABgQDW7Aq1PyehQGR98lM9GGn3D1UNJd0nw42sT8MorWNQHwYD1cIbXkze/PXqIoc6LtWVO4+a2mA+G15qwljTs7+eLOXzGqJTUWhxCbvI1Yx4hCh1+esORc2359IEkzvEZl08DWJtg/0Cg/SY3q0U6sEwE8ph0dRHx3fnL6bhbl5dGCeiVcEIqYRDLPyshZiiqPu+3nHm3htJBXkHM6aCcqMFP1wiRv3cMPmAamwzyJUAN8+4qF+DIWxsohDrgrMz8+2m6y+pi2gC4uzOfUu+13jADzB/88HVYjk9Ao6wzQcT/xS/aB42O+b2ca+DyPUwvzt6GCP9+LuoTBOd86Ws52snwPalWjU6hq0dkX5mrCSl6esWRHPNJxFKRtN2IKJBgSdzAoEnEAc78gz6FZXkKL2i0GKbz8tmxuKmQQkvGZ2uR0xWOeBubnVAVhJbU100muDCBIYz64G4NZbMpG6lnzG7cLTNPnJYmUy6QbCNSKxMtmhiUtRFUZOMAJ6FOLkpPQk= root@vinh-VirtualBox",
            "tags": {},
            "tags_all": {}
          },
          "sensitive_attributes": [],
          "private": "eyJzY2hlbWFfdmVyc2lvbiI6IjEifQ=="
        }
      ]
    },
    {
      "module": "module.VPCA",
      "mode": "data",
      "type": "aws_availability_zones",
      "name": "available_zones",
      "provider": "provider[\"registry.terraform.io/hashicorp/aws\"]",
      "instances": [
        {
          "schema_version": 0,
          "attributes": {
            "all_availability_zones": null,
            "exclude_names": null,
            "exclude_zone_ids": null,
            "filter": null,
            "group_names": [
              "us-east-1"
            ],
            "id": "us-east-1",
            "names": [
              "us-east-1a",
              "us-east-1b",
              "us-east-1c",
              "us-east-1d",
              "us-east-1e",
              "us-east-1f"
            ],
            "state": null,
            "timeouts": null,
            "zone_ids": [
              "use1-az2",
              "use1-az4",
              "use1-az6",
              "use1-az1",
              "use1-az3",
              "use1-az5"
            ]
          },
          "sensitive_attributes": []
        }
      ]
    },
    {
      "module": "module.VPCA",
      "mode": "managed",
      "type": "aws_ec2_transit_gateway_vpc_attachment",
      "name": "tgw_attach_VPC1",
      "provider": "provider[\"registry.terraform.io/hashicorp/aws\"]",
      "instances": [
        {
          "schema_version": 0,
          "attributes": {
            "appliance_mode_support": "disable",
            "dns_support": "enable",
            "id": "tgw-attach-0a3da03345ad8ea3a",
            "ipv6_support": "disable",
            "subnet_ids": [
              "subnet-05fd3509ac227e3ee"
            ],
            "tags": {},
            "tags_all": {},
            "transit_gateway_default_route_table_association": true,
            "transit_gateway_default_route_table_propagation": true,
            "transit_gateway_id": "tgw-09c7fe11a33b318ea",
            "vpc_id": "vpc-0d1732ab00f242b58",
            "vpc_owner_id": "999841755538"
          },
          "sensitive_attributes": [],
          "private": "bnVsbA==",
          "dependencies": [
            "module.VPCA.aws_subnet.private_data_subnet_az1",
            "module.VPCA.aws_vpc.vpc1",
            "module.VPCA.data.aws_availability_zones.available_zones",
            "module.transitGW.aws_ec2_transit_gateway.demo_tgw"
          ]
        }
      ]
    },
    {
      "module": "module.VPCA",
      "mode": "managed",
      "type": "aws_instance",
      "name": "VPC1_web1",
      "provider": "provider[\"registry.terraform.io/hashicorp/aws\"]",
      "instances": [
        {
          "schema_version": 1,
          "attributes": {
            "ami": "ami-0aa7d40eeae50c9a9",
            "arn": "arn:aws:ec2:us-east-1:999841755538:instance/i-056f30317302cddd3",
            "associate_public_ip_address": false,
            "availability_zone": "us-east-1b",
            "capacity_reservation_specification": [
              {
                "capacity_reservation_preference": "open",
                "capacity_reservation_target": []
              }
            ],
            "cpu_core_count": 1,
            "cpu_threads_per_core": 1,
            "credit_specification": [
              {
                "cpu_credits": "standard"
              }
            ],
            "disable_api_stop": false,
            "disable_api_termination": false,
            "ebs_block_device": [],
            "ebs_optimized": false,
            "enclave_options": [
              {
                "enabled": false
              }
            ],
            "ephemeral_block_device": [],
            "get_password_data": false,
            "hibernation": false,
            "host_id": "",
            "host_resource_group_arn": null,
            "iam_instance_profile": "",
            "id": "i-056f30317302cddd3",
            "instance_initiated_shutdown_behavior": "stop",
            "instance_state": "running",
            "instance_type": "t2.micro",
            "ipv6_address_count": 0,
            "ipv6_addresses": [],
            "key_name": "vinhkey",
            "launch_template": [],
            "maintenance_options": [
              {
                "auto_recovery": "default"
              }
            ],
            "metadata_options": [
              {
                "http_endpoint": "enabled",
                "http_put_response_hop_limit": 1,
                "http_tokens": "optional",
                "instance_metadata_tags": "disabled"
              }
            ],
            "monitoring": false,
            "network_interface": [],
            "outpost_arn": "",
            "password_data": "",
            "placement_group": "",
            "placement_partition_number": 0,
            "primary_network_interface_id": "eni-0a82fe8445aaa8984",
            "private_dns": "ip-10-20-1-20.ec2.internal",
            "private_dns_name_options": [
              {
                "enable_resource_name_dns_a_record": false,
                "enable_resource_name_dns_aaaa_record": false,
                "hostname_type": "ip-name"
              }
            ],
            "private_ip": "10.20.1.20",
            "public_dns": "",
            "public_ip": "",
            "root_block_device": [
              {
                "delete_on_termination": true,
                "device_name": "/dev/xvda",
                "encrypted": false,
                "iops": 100,
                "kms_key_id": "",
                "tags": {},
                "throughput": 0,
                "volume_id": "vol-03596ef12fff8ee7e",
                "volume_size": 8,
                "volume_type": "gp2"
              }
            ],
            "secondary_private_ips": [],
            "security_groups": [],
            "source_dest_check": true,
            "subnet_id": "subnet-05fd3509ac227e3ee",
            "tags": {
              "Name": "VPC1_Web_Server_1"
            },
            "tags_all": {
              "Name": "VPC1_Web_Server_1"
            },
            "tenancy": "default",
            "timeouts": null,
            "user_data": null,
            "user_data_base64": null,
            "user_data_replace_on_change": false,
            "volume_tags": null,
            "vpc_security_group_ids": [
              "sg-021206961faffc473"
            ]
          },
          "sensitive_attributes": [],
          "private": "eyJlMmJmYjczMC1lY2FhLTExZTYtOGY4OC0zNDM2M2JjN2M0YzAiOnsiY3JlYXRlIjo2MDAwMDAwMDAwMDAsImRlbGV0ZSI6MTIwMDAwMDAwMDAwMCwidXBkYXRlIjo2MDAwMDAwMDAwMDB9LCJzY2hlbWFfdmVyc2lvbiI6IjEifQ==",
          "dependencies": [
            "module.VPCA.aws_security_group.VPC1_web_sg",
            "module.VPCA.aws_subnet.private_data_subnet_az1",
            "module.VPCA.aws_vpc.vpc1",
            "module.VPCA.data.aws_availability_zones.available_zones"
          ]
        }
      ]
    },
    {
      "module": "module.VPCA",
      "mode": "managed",
      "type": "aws_route",
      "name": "vpc1_edge_tgw_access",
      "provider": "provider[\"registry.terraform.io/hashicorp/aws\"]",
      "instances": [
        {
          "schema_version": 0,
          "attributes": {
            "carrier_gateway_id": "",
            "core_network_arn": "",
            "destination_cidr_block": "10.0.0.0/8",
            "destination_ipv6_cidr_block": "",
            "destination_prefix_list_id": "",
            "egress_only_gateway_id": "",
            "gateway_id": "",
            "id": "r-rtb-0b82db36ff78765193423270202",
            "instance_id": "",
            "instance_owner_id": "",
            "local_gateway_id": "",
            "nat_gateway_id": "",
            "network_interface_id": "",
            "origin": "CreateRoute",
            "route_table_id": "rtb-0b82db36ff7876519",
            "state": "active",
            "timeouts": null,
            "transit_gateway_id": "tgw-09c7fe11a33b318ea",
            "vpc_endpoint_id": "",
            "vpc_peering_connection_id": ""
          },
          "sensitive_attributes": [],
          "private": "eyJlMmJmYjczMC1lY2FhLTExZTYtOGY4OC0zNDM2M2JjN2M0YzAiOnsiY3JlYXRlIjozMDAwMDAwMDAwMDAsImRlbGV0ZSI6MzAwMDAwMDAwMDAwLCJ1cGRhdGUiOjEyMDAwMDAwMDAwMH19",
          "dependencies": [
            "module.VPCA.aws_route_table.VPC1_prv_rt",
            "module.VPCA.aws_vpc.vpc1",
            "module.transitGW.aws_ec2_transit_gateway.demo_tgw"
          ]
        }
      ]
    },
    {
      "module": "module.VPCA",
      "mode": "managed",
      "type": "aws_route",
      "name": "vpc1_internet_access",
      "provider": "provider[\"registry.terraform.io/hashicorp/aws\"]",
      "instances": [
        {
          "schema_version": 0,
          "attributes": {
            "carrier_gateway_id": "",
            "core_network_arn": "",
            "destination_cidr_block": "0.0.0.0/0",
            "destination_ipv6_cidr_block": "",
            "destination_prefix_list_id": "",
            "egress_only_gateway_id": "",
            "gateway_id": "",
            "id": "r-rtb-0b82db36ff78765191080289494",
            "instance_id": "",
            "instance_owner_id": "",
            "local_gateway_id": "",
            "nat_gateway_id": "",
            "network_interface_id": "",
            "origin": "CreateRoute",
            "route_table_id": "rtb-0b82db36ff7876519",
            "state": "active",
            "timeouts": null,
            "transit_gateway_id": "tgw-09c7fe11a33b318ea",
            "vpc_endpoint_id": "",
            "vpc_peering_connection_id": ""
          },
          "sensitive_attributes": [],
          "private": "eyJlMmJmYjczMC1lY2FhLTExZTYtOGY4OC0zNDM2M2JjN2M0YzAiOnsiY3JlYXRlIjozMDAwMDAwMDAwMDAsImRlbGV0ZSI6MzAwMDAwMDAwMDAwLCJ1cGRhdGUiOjEyMDAwMDAwMDAwMH19",
          "dependencies": [
            "module.VPCA.aws_route_table.VPC1_prv_rt",
            "module.VPCA.aws_vpc.vpc1",
            "module.transitGW.aws_ec2_transit_gateway.demo_tgw"
          ]
        }
      ]
    },
    {
      "module": "module.VPCA",
      "mode": "managed",
      "type": "aws_route_table",
      "name": "VPC1_prv_rt",
      "provider": "provider[\"registry.terraform.io/hashicorp/aws\"]",
      "instances": [
        {
          "schema_version": 0,
          "attributes": {
            "arn": "arn:aws:ec2:us-east-1:999841755538:route-table/rtb-0b82db36ff7876519",
            "id": "rtb-0b82db36ff7876519",
            "owner_id": "999841755538",
            "propagating_vgws": [],
            "route": [
              {
                "carrier_gateway_id": "",
                "cidr_block": "0.0.0.0/0",
                "core_network_arn": "",
                "destination_prefix_list_id": "",
                "egress_only_gateway_id": "",
                "gateway_id": "",
                "instance_id": "",
                "ipv6_cidr_block": "",
                "local_gateway_id": "",
                "nat_gateway_id": "",
                "network_interface_id": "",
                "transit_gateway_id": "tgw-09c7fe11a33b318ea",
                "vpc_endpoint_id": "",
                "vpc_peering_connection_id": ""
              },
              {
                "carrier_gateway_id": "",
                "cidr_block": "10.0.0.0/8",
                "core_network_arn": "",
                "destination_prefix_list_id": "",
                "egress_only_gateway_id": "",
                "gateway_id": "",
                "instance_id": "",
                "ipv6_cidr_block": "",
                "local_gateway_id": "",
                "nat_gateway_id": "",
                "network_interface_id": "",
                "transit_gateway_id": "tgw-09c7fe11a33b318ea",
                "vpc_endpoint_id": "",
                "vpc_peering_connection_id": ""
              }
            ],
            "tags": {},
            "tags_all": {},
            "timeouts": null,
            "vpc_id": "vpc-0d1732ab00f242b58"
          },
          "sensitive_attributes": [],
          "private": "eyJlMmJmYjczMC1lY2FhLTExZTYtOGY4OC0zNDM2M2JjN2M0YzAiOnsiY3JlYXRlIjozMDAwMDAwMDAwMDAsImRlbGV0ZSI6MzAwMDAwMDAwMDAwLCJ1cGRhdGUiOjEyMDAwMDAwMDAwMH19",
          "dependencies": [
            "module.VPCA.aws_vpc.vpc1"
          ]
        }
      ]
    },
    {
      "module": "module.VPCA",
      "mode": "managed",
      "type": "aws_route_table_association",
      "name": "PC1_prv_sub_2_association",
      "provider": "provider[\"registry.terraform.io/hashicorp/aws\"]",
      "instances": [
        {
          "schema_version": 0,
          "attributes": {
            "gateway_id": "",
            "id": "rtbassoc-0560fe235a83627a3",
            "route_table_id": "rtb-0b82db36ff7876519",
            "subnet_id": "subnet-0dc19df902d4cf1d7"
          },
          "sensitive_attributes": [],
          "private": "bnVsbA==",
          "dependencies": [
            "module.VPCA.aws_route_table.VPC1_prv_rt",
            "module.VPCA.aws_subnet.private_data_subnet_az2",
            "module.VPCA.aws_vpc.vpc1",
            "module.VPCA.data.aws_availability_zones.available_zones"
          ]
        }
      ]
    },
    {
      "module": "module.VPCA",
      "mode": "managed",
      "type": "aws_route_table_association",
      "name": "VPC1_prv_sub_1_association",
      "provider": "provider[\"registry.terraform.io/hashicorp/aws\"]",
      "instances": [
        {
          "schema_version": 0,
          "attributes": {
            "gateway_id": "",
            "id": "rtbassoc-0c04891daf4a05f69",
            "route_table_id": "rtb-0b82db36ff7876519",
            "subnet_id": "subnet-05fd3509ac227e3ee"
          },
          "sensitive_attributes": [],
          "private": "bnVsbA==",
          "dependencies": [
            "module.VPCA.aws_route_table.VPC1_prv_rt",
            "module.VPCA.aws_subnet.private_data_subnet_az1",
            "module.VPCA.aws_vpc.vpc1",
            "module.VPCA.data.aws_availability_zones.available_zones"
          ]
        }
      ]
    },
    {
      "module": "module.VPCA",
      "mode": "managed",
      "type": "aws_security_group",
      "name": "VPC1_web_sg",
      "provider": "provider[\"registry.terraform.io/hashicorp/aws\"]",
      "instances": [
        {
          "schema_version": 1,
          "attributes": {
            "arn": "arn:aws:ec2:us-east-1:999841755538:security-group/sg-021206961faffc473",
            "description": "VPC1_web_sg",
            "egress": [
              {
                "cidr_blocks": [
                  "0.0.0.0/0"
                ],
                "description": "",
                "from_port": 0,
                "ipv6_cidr_blocks": [],
                "prefix_list_ids": [],
                "protocol": "-1",
                "security_groups": [],
                "self": false,
                "to_port": 0
              }
            ],
            "id": "sg-021206961faffc473",
            "ingress": [
              {
                "cidr_blocks": [
                  "0.0.0.0/0"
                ],
                "description": "",
                "from_port": 443,
                "ipv6_cidr_blocks": [],
                "prefix_list_ids": [],
                "protocol": "tcp",
                "security_groups": [],
                "self": false,
                "to_port": 443
              },
              {
                "cidr_blocks": [
                  "0.0.0.0/0"
                ],
                "description": "",
                "from_port": 80,
                "ipv6_cidr_blocks": [],
                "prefix_list_ids": [],
                "protocol": "tcp",
                "security_groups": [],
                "self": false,
                "to_port": 80
              },
              {
                "cidr_blocks": [
                  "0.0.0.0/0"
                ],
                "description": "",
                "from_port": 8,
                "ipv6_cidr_blocks": [],
                "prefix_list_ids": [],
                "protocol": "icmp",
                "security_groups": [],
                "self": false,
                "to_port": 0
              },
              {
                "cidr_blocks": [
                  "10.0.0.0/8"
                ],
                "description": "",
                "from_port": 22,
                "ipv6_cidr_blocks": [],
                "prefix_list_ids": [],
                "protocol": "tcp",
                "security_groups": [],
                "self": false,
                "to_port": 22
              }
            ],
            "name": "VPC1_web_sg",
            "name_prefix": "",
            "owner_id": "999841755538",
            "revoke_rules_on_delete": false,
            "tags": {},
            "tags_all": {},
            "timeouts": null,
            "vpc_id": "vpc-0d1732ab00f242b58"
          },
          "sensitive_attributes": [],
          "private": "eyJlMmJmYjczMC1lY2FhLTExZTYtOGY4OC0zNDM2M2JjN2M0YzAiOnsiY3JlYXRlIjo2MDAwMDAwMDAwMDAsImRlbGV0ZSI6OTAwMDAwMDAwMDAwfSwic2NoZW1hX3ZlcnNpb24iOiIxIn0=",
          "dependencies": [
            "module.VPCA.aws_vpc.vpc1"
          ]
        }
      ]
    },
    {
      "module": "module.VPCA",
      "mode": "managed",
      "type": "aws_subnet",
      "name": "private_data_subnet_az1",
      "provider": "provider[\"registry.terraform.io/hashicorp/aws\"]",
      "instances": [
        {
          "schema_version": 1,
          "attributes": {
            "arn": "arn:aws:ec2:us-east-1:999841755538:subnet/subnet-05fd3509ac227e3ee",
            "assign_ipv6_address_on_creation": false,
            "availability_zone": "us-east-1b",
            "availability_zone_id": "use1-az4",
            "cidr_block": "10.20.1.0/24",
            "customer_owned_ipv4_pool": "",
            "enable_dns64": false,
            "enable_resource_name_dns_a_record_on_launch": false,
            "enable_resource_name_dns_aaaa_record_on_launch": false,
            "id": "subnet-05fd3509ac227e3ee",
            "ipv6_cidr_block": "",
            "ipv6_cidr_block_association_id": "",
            "ipv6_native": false,
            "map_customer_owned_ip_on_launch": false,
            "map_public_ip_on_launch": false,
            "outpost_arn": "",
            "owner_id": "999841755538",
            "private_dns_hostname_type_on_launch": "ip-name",
            "tags": {
              "Name": "private subnet1 vpc1"
            },
            "tags_all": {
              "Name": "private subnet1 vpc1"
            },
            "timeouts": null,
            "vpc_id": "vpc-0d1732ab00f242b58"
          },
          "sensitive_attributes": [],
          "private": "eyJlMmJmYjczMC1lY2FhLTExZTYtOGY4OC0zNDM2M2JjN2M0YzAiOnsiY3JlYXRlIjo2MDAwMDAwMDAwMDAsImRlbGV0ZSI6MTIwMDAwMDAwMDAwMH0sInNjaGVtYV92ZXJzaW9uIjoiMSJ9",
          "dependencies": [
            "module.VPCA.aws_vpc.vpc1",
            "module.VPCA.data.aws_availability_zones.available_zones"
          ]
        }
      ]
    },
    {
      "module": "module.VPCA",
      "mode": "managed",
      "type": "aws_subnet",
      "name": "private_data_subnet_az2",
      "provider": "provider[\"registry.terraform.io/hashicorp/aws\"]",
      "instances": [
        {
          "schema_version": 1,
          "attributes": {
            "arn": "arn:aws:ec2:us-east-1:999841755538:subnet/subnet-0dc19df902d4cf1d7",
            "assign_ipv6_address_on_creation": false,
            "availability_zone": "us-east-1c",
            "availability_zone_id": "use1-az6",
            "cidr_block": "10.20.3.0/24",
            "customer_owned_ipv4_pool": "",
            "enable_dns64": false,
            "enable_resource_name_dns_a_record_on_launch": false,
            "enable_resource_name_dns_aaaa_record_on_launch": false,
            "id": "subnet-0dc19df902d4cf1d7",
            "ipv6_cidr_block": "",
            "ipv6_cidr_block_association_id": "",
            "ipv6_native": false,
            "map_customer_owned_ip_on_launch": false,
            "map_public_ip_on_launch": false,
            "outpost_arn": "",
            "owner_id": "999841755538",
            "private_dns_hostname_type_on_launch": "ip-name",
            "tags": {
              "Name": "private subnet2 vpc1"
            },
            "tags_all": {
              "Name": "private subnet2 vpc1"
            },
            "timeouts": null,
            "vpc_id": "vpc-0d1732ab00f242b58"
          },
          "sensitive_attributes": [],
          "private": "eyJlMmJmYjczMC1lY2FhLTExZTYtOGY4OC0zNDM2M2JjN2M0YzAiOnsiY3JlYXRlIjo2MDAwMDAwMDAwMDAsImRlbGV0ZSI6MTIwMDAwMDAwMDAwMH0sInNjaGVtYV92ZXJzaW9uIjoiMSJ9",
          "dependencies": [
            "module.VPCA.aws_vpc.vpc1",
            "module.VPCA.data.aws_availability_zones.available_zones"
          ]
        }
      ]
    },
    {
      "module": "module.VPCA",
      "mode": "managed",
      "type": "aws_vpc",
      "name": "vpc1",
      "provider": "provider[\"registry.terraform.io/hashicorp/aws\"]",
      "instances": [
        {
          "schema_version": 1,
          "attributes": {
            "arn": "arn:aws:ec2:us-east-1:999841755538:vpc/vpc-0d1732ab00f242b58",
            "assign_generated_ipv6_cidr_block": false,
            "cidr_block": "10.20.0.0/16",
            "default_network_acl_id": "acl-05ffaadd17bdbd457",
            "default_route_table_id": "rtb-055515df74e261804",
            "default_security_group_id": "sg-0e994044746a594d3",
            "dhcp_options_id": "dopt-078447ebb5da02506",
            "enable_classiclink": false,
            "enable_classiclink_dns_support": false,
            "enable_dns_hostnames": true,
            "enable_dns_support": true,
            "enable_network_address_usage_metrics": false,
            "id": "vpc-0d1732ab00f242b58",
            "instance_tenancy": "default",
            "ipv4_ipam_pool_id": null,
            "ipv4_netmask_length": null,
            "ipv6_association_id": "",
            "ipv6_cidr_block": "",
            "ipv6_cidr_block_network_border_group": "",
            "ipv6_ipam_pool_id": "",
            "ipv6_netmask_length": 0,
            "main_route_table_id": "rtb-055515df74e261804",
            "owner_id": "999841755538",
            "tags": {
              "Name": "vpc1"
            },
            "tags_all": {
              "Name": "vpc1"
            }
          },
          "sensitive_attributes": [],
          "private": "eyJzY2hlbWFfdmVyc2lvbiI6IjEifQ=="
        }
      ]
    },
    {
      "module": "module.VPCB",
      "mode": "data",
      "type": "aws_availability_zones",
      "name": "available_zones",
      "provider": "provider[\"registry.terraform.io/hashicorp/aws\"]",
      "instances": [
        {
          "schema_version": 0,
          "attributes": {
            "all_availability_zones": null,
            "exclude_names": null,
            "exclude_zone_ids": null,
            "filter": null,
            "group_names": [
              "us-east-1"
            ],
            "id": "us-east-1",
            "names": [
              "us-east-1a",
              "us-east-1b",
              "us-east-1c",
              "us-east-1d",
              "us-east-1e",
              "us-east-1f"
            ],
            "state": null,
            "timeouts": null,
            "zone_ids": [
              "use1-az2",
              "use1-az4",
              "use1-az6",
              "use1-az1",
              "use1-az3",
              "use1-az5"
            ]
          },
          "sensitive_attributes": []
        }
      ]
    },
    {
      "module": "module.VPCB",
      "mode": "managed",
      "type": "aws_ec2_transit_gateway_vpc_attachment",
      "name": "tgw_attach_VPC2",
      "provider": "provider[\"registry.terraform.io/hashicorp/aws\"]",
      "instances": [
        {
          "schema_version": 0,
          "attributes": {
            "appliance_mode_support": "disable",
            "dns_support": "enable",
            "id": "tgw-attach-0bb4c5b107835bc10",
            "ipv6_support": "disable",
            "subnet_ids": [
              "subnet-054c72beda7f87ef7"
            ],
            "tags": {},
            "tags_all": {},
            "transit_gateway_default_route_table_association": true,
            "transit_gateway_default_route_table_propagation": true,
            "transit_gateway_id": "tgw-09c7fe11a33b318ea",
            "vpc_id": "vpc-02524ebe6053e563b",
            "vpc_owner_id": "999841755538"
          },
          "sensitive_attributes": [],
          "private": "bnVsbA==",
          "dependencies": [
            "module.VPCB.aws_subnet.private_data_subnet_az1",
            "module.VPCB.aws_vpc.vpc2",
            "module.VPCB.data.aws_availability_zones.available_zones",
            "module.transitGW.aws_ec2_transit_gateway.demo_tgw"
          ]
        }
      ]
    },
    {
      "module": "module.VPCB",
      "mode": "managed",
      "type": "aws_instance",
      "name": "VPC2_web1",
      "provider": "provider[\"registry.terraform.io/hashicorp/aws\"]",
      "instances": [
        {
          "schema_version": 1,
          "attributes": {
            "ami": "ami-0aa7d40eeae50c9a9",
            "arn": "arn:aws:ec2:us-east-1:999841755538:instance/i-03c49fa90b94956cc",
            "associate_public_ip_address": false,
            "availability_zone": "us-east-1b",
            "capacity_reservation_specification": [
              {
                "capacity_reservation_preference": "open",
                "capacity_reservation_target": []
              }
            ],
            "cpu_core_count": 1,
            "cpu_threads_per_core": 1,
            "credit_specification": [
              {
                "cpu_credits": "standard"
              }
            ],
            "disable_api_stop": false,
            "disable_api_termination": false,
            "ebs_block_device": [],
            "ebs_optimized": false,
            "enclave_options": [
              {
                "enabled": false
              }
            ],
            "ephemeral_block_device": [],
            "get_password_data": false,
            "hibernation": false,
            "host_id": "",
            "host_resource_group_arn": null,
            "iam_instance_profile": "",
            "id": "i-03c49fa90b94956cc",
            "instance_initiated_shutdown_behavior": "stop",
            "instance_state": "running",
            "instance_type": "t2.micro",
            "ipv6_address_count": 0,
            "ipv6_addresses": [],
            "key_name": "vinhkey",
            "launch_template": [],
            "maintenance_options": [
              {
                "auto_recovery": "default"
              }
            ],
            "metadata_options": [
              {
                "http_endpoint": "enabled",
                "http_put_response_hop_limit": 1,
                "http_tokens": "optional",
                "instance_metadata_tags": "disabled"
              }
            ],
            "monitoring": false,
            "network_interface": [],
            "outpost_arn": "",
            "password_data": "",
            "placement_group": "",
            "placement_partition_number": 0,
            "primary_network_interface_id": "eni-0b320f32ebce3e71c",
            "private_dns": "ip-10-10-1-20.ec2.internal",
            "private_dns_name_options": [
              {
                "enable_resource_name_dns_a_record": false,
                "enable_resource_name_dns_aaaa_record": false,
                "hostname_type": "ip-name"
              }
            ],
            "private_ip": "10.10.1.20",
            "public_dns": "",
            "public_ip": "",
            "root_block_device": [
              {
                "delete_on_termination": true,
                "device_name": "/dev/xvda",
                "encrypted": false,
                "iops": 100,
                "kms_key_id": "",
                "tags": {},
                "throughput": 0,
                "volume_id": "vol-0a2438bdf4bed9993",
                "volume_size": 8,
                "volume_type": "gp2"
              }
            ],
            "secondary_private_ips": [],
            "security_groups": [],
            "source_dest_check": true,
            "subnet_id": "subnet-054c72beda7f87ef7",
            "tags": {
              "Name": "VPC2_Web_Server_1"
            },
            "tags_all": {
              "Name": "VPC2_Web_Server_1"
            },
            "tenancy": "default",
            "timeouts": null,
            "user_data": null,
            "user_data_base64": null,
            "user_data_replace_on_change": false,
            "volume_tags": null,
            "vpc_security_group_ids": [
              "sg-005bfe60c03ffdac2"
            ]
          },
          "sensitive_attributes": [],
          "private": "eyJlMmJmYjczMC1lY2FhLTExZTYtOGY4OC0zNDM2M2JjN2M0YzAiOnsiY3JlYXRlIjo2MDAwMDAwMDAwMDAsImRlbGV0ZSI6MTIwMDAwMDAwMDAwMCwidXBkYXRlIjo2MDAwMDAwMDAwMDB9LCJzY2hlbWFfdmVyc2lvbiI6IjEifQ==",
          "dependencies": [
            "module.VPCB.aws_security_group.VPC2_web_sg",
            "module.VPCB.aws_subnet.private_data_subnet_az1",
            "module.VPCB.aws_vpc.vpc2",
            "module.VPCB.data.aws_availability_zones.available_zones"
          ]
        }
      ]
    },
    {
      "module": "module.VPCB",
      "mode": "managed",
      "type": "aws_route",
      "name": "vpc2_internet_access",
      "provider": "provider[\"registry.terraform.io/hashicorp/aws\"]",
      "instances": [
        {
          "schema_version": 0,
          "attributes": {
            "carrier_gateway_id": "",
            "core_network_arn": "",
            "destination_cidr_block": "0.0.0.0/0",
            "destination_ipv6_cidr_block": "",
            "destination_prefix_list_id": "",
            "egress_only_gateway_id": "",
            "gateway_id": "",
            "id": "r-rtb-07ec312942338f00c1080289494",
            "instance_id": "",
            "instance_owner_id": "",
            "local_gateway_id": "",
            "nat_gateway_id": "",
            "network_interface_id": "",
            "origin": "CreateRoute",
            "route_table_id": "rtb-07ec312942338f00c",
            "state": "active",
            "timeouts": null,
            "transit_gateway_id": "tgw-09c7fe11a33b318ea",
            "vpc_endpoint_id": "",
            "vpc_peering_connection_id": ""
          },
          "sensitive_attributes": [],
          "private": "eyJlMmJmYjczMC1lY2FhLTExZTYtOGY4OC0zNDM2M2JjN2M0YzAiOnsiY3JlYXRlIjozMDAwMDAwMDAwMDAsImRlbGV0ZSI6MzAwMDAwMDAwMDAwLCJ1cGRhdGUiOjEyMDAwMDAwMDAwMH19",
          "dependencies": [
            "module.VPCB.aws_route_table.VPC2_prv_rt",
            "module.VPCB.aws_vpc.vpc2",
            "module.transitGW.aws_ec2_transit_gateway.demo_tgw"
          ]
        }
      ]
    },
    {
      "module": "module.VPCB",
      "mode": "managed",
      "type": "aws_route",
      "name": "vpc2_tgw_access",
      "provider": "provider[\"registry.terraform.io/hashicorp/aws\"]",
      "instances": [
        {
          "schema_version": 0,
          "attributes": {
            "carrier_gateway_id": "",
            "core_network_arn": "",
            "destination_cidr_block": "10.0.0.0/8",
            "destination_ipv6_cidr_block": "",
            "destination_prefix_list_id": "",
            "egress_only_gateway_id": "",
            "gateway_id": "",
            "id": "r-rtb-07ec312942338f00c3423270202",
            "instance_id": "",
            "instance_owner_id": "",
            "local_gateway_id": "",
            "nat_gateway_id": "",
            "network_interface_id": "",
            "origin": "CreateRoute",
            "route_table_id": "rtb-07ec312942338f00c",
            "state": "active",
            "timeouts": null,
            "transit_gateway_id": "tgw-09c7fe11a33b318ea",
            "vpc_endpoint_id": "",
            "vpc_peering_connection_id": ""
          },
          "sensitive_attributes": [],
          "private": "eyJlMmJmYjczMC1lY2FhLTExZTYtOGY4OC0zNDM2M2JjN2M0YzAiOnsiY3JlYXRlIjozMDAwMDAwMDAwMDAsImRlbGV0ZSI6MzAwMDAwMDAwMDAwLCJ1cGRhdGUiOjEyMDAwMDAwMDAwMH19",
          "dependencies": [
            "module.VPCB.aws_route_table.VPC2_prv_rt",
            "module.VPCB.aws_vpc.vpc2",
            "module.transitGW.aws_ec2_transit_gateway.demo_tgw"
          ]
        }
      ]
    },
    {
      "module": "module.VPCB",
      "mode": "managed",
      "type": "aws_route_table",
      "name": "VPC2_prv_rt",
      "provider": "provider[\"registry.terraform.io/hashicorp/aws\"]",
      "instances": [
        {
          "schema_version": 0,
          "attributes": {
            "arn": "arn:aws:ec2:us-east-1:999841755538:route-table/rtb-07ec312942338f00c",
            "id": "rtb-07ec312942338f00c",
            "owner_id": "999841755538",
            "propagating_vgws": [],
            "route": [
              {
                "carrier_gateway_id": "",
                "cidr_block": "0.0.0.0/0",
                "core_network_arn": "",
                "destination_prefix_list_id": "",
                "egress_only_gateway_id": "",
                "gateway_id": "",
                "instance_id": "",
                "ipv6_cidr_block": "",
                "local_gateway_id": "",
                "nat_gateway_id": "",
                "network_interface_id": "",
                "transit_gateway_id": "tgw-09c7fe11a33b318ea",
                "vpc_endpoint_id": "",
                "vpc_peering_connection_id": ""
              },
              {
                "carrier_gateway_id": "",
                "cidr_block": "10.0.0.0/8",
                "core_network_arn": "",
                "destination_prefix_list_id": "",
                "egress_only_gateway_id": "",
                "gateway_id": "",
                "instance_id": "",
                "ipv6_cidr_block": "",
                "local_gateway_id": "",
                "nat_gateway_id": "",
                "network_interface_id": "",
                "transit_gateway_id": "tgw-09c7fe11a33b318ea",
                "vpc_endpoint_id": "",
                "vpc_peering_connection_id": ""
              }
            ],
            "tags": {},
            "tags_all": {},
            "timeouts": null,
            "vpc_id": "vpc-02524ebe6053e563b"
          },
          "sensitive_attributes": [],
          "private": "eyJlMmJmYjczMC1lY2FhLTExZTYtOGY4OC0zNDM2M2JjN2M0YzAiOnsiY3JlYXRlIjozMDAwMDAwMDAwMDAsImRlbGV0ZSI6MzAwMDAwMDAwMDAwLCJ1cGRhdGUiOjEyMDAwMDAwMDAwMH19",
          "dependencies": [
            "module.VPCB.aws_vpc.vpc2"
          ]
        }
      ]
    },
    {
      "module": "module.VPCB",
      "mode": "managed",
      "type": "aws_route_table_association",
      "name": "VPC2_prv_sub_1_association",
      "provider": "provider[\"registry.terraform.io/hashicorp/aws\"]",
      "instances": [
        {
          "schema_version": 0,
          "attributes": {
            "gateway_id": "",
            "id": "rtbassoc-0a67a6e7ee86cacff",
            "route_table_id": "rtb-07ec312942338f00c",
            "subnet_id": "subnet-054c72beda7f87ef7"
          },
          "sensitive_attributes": [],
          "private": "bnVsbA==",
          "dependencies": [
            "module.VPCB.aws_route_table.VPC2_prv_rt",
            "module.VPCB.aws_subnet.private_data_subnet_az1",
            "module.VPCB.aws_vpc.vpc2",
            "module.VPCB.data.aws_availability_zones.available_zones"
          ]
        }
      ]
    },
    {
      "module": "module.VPCB",
      "mode": "managed",
      "type": "aws_route_table_association",
      "name": "VPC2_prv_sub_2_association",
      "provider": "provider[\"registry.terraform.io/hashicorp/aws\"]",
      "instances": [
        {
          "schema_version": 0,
          "attributes": {
            "gateway_id": "",
            "id": "rtbassoc-00d9409bfd716ea80",
            "route_table_id": "rtb-07ec312942338f00c",
            "subnet_id": "subnet-05d1f95bff2d35fbd"
          },
          "sensitive_attributes": [],
          "private": "bnVsbA==",
          "dependencies": [
            "module.VPCB.aws_route_table.VPC2_prv_rt",
            "module.VPCB.aws_subnet.private_data_subnet_az2",
            "module.VPCB.aws_vpc.vpc2",
            "module.VPCB.data.aws_availability_zones.available_zones"
          ]
        }
      ]
    },
    {
      "module": "module.VPCB",
      "mode": "managed",
      "type": "aws_security_group",
      "name": "VPC2_web_sg",
      "provider": "provider[\"registry.terraform.io/hashicorp/aws\"]",
      "instances": [
        {
          "schema_version": 1,
          "attributes": {
            "arn": "arn:aws:ec2:us-east-1:999841755538:security-group/sg-005bfe60c03ffdac2",
            "description": "VPC2_web_sg",
            "egress": [
              {
                "cidr_blocks": [
                  "0.0.0.0/0"
                ],
                "description": "",
                "from_port": 0,
                "ipv6_cidr_blocks": [],
                "prefix_list_ids": [],
                "protocol": "-1",
                "security_groups": [],
                "self": false,
                "to_port": 0
              }
            ],
            "id": "sg-005bfe60c03ffdac2",
            "ingress": [
              {
                "cidr_blocks": [
                  "0.0.0.0/0"
                ],
                "description": "",
                "from_port": 443,
                "ipv6_cidr_blocks": [],
                "prefix_list_ids": [],
                "protocol": "tcp",
                "security_groups": [],
                "self": false,
                "to_port": 443
              },
              {
                "cidr_blocks": [
                  "0.0.0.0/0"
                ],
                "description": "",
                "from_port": 80,
                "ipv6_cidr_blocks": [],
                "prefix_list_ids": [],
                "protocol": "tcp",
                "security_groups": [],
                "self": false,
                "to_port": 80
              },
              {
                "cidr_blocks": [
                  "0.0.0.0/0"
                ],
                "description": "",
                "from_port": 8,
                "ipv6_cidr_blocks": [],
                "prefix_list_ids": [],
                "protocol": "icmp",
                "security_groups": [],
                "self": false,
                "to_port": 0
              },
              {
                "cidr_blocks": [
                  "10.0.0.0/8"
                ],
                "description": "",
                "from_port": 22,
                "ipv6_cidr_blocks": [],
                "prefix_list_ids": [],
                "protocol": "tcp",
                "security_groups": [],
                "self": false,
                "to_port": 22
              }
            ],
            "name": "VPC2_web_sg",
            "name_prefix": "",
            "owner_id": "999841755538",
            "revoke_rules_on_delete": false,
            "tags": {},
            "tags_all": {},
            "timeouts": null,
            "vpc_id": "vpc-02524ebe6053e563b"
          },
          "sensitive_attributes": [],
          "private": "eyJlMmJmYjczMC1lY2FhLTExZTYtOGY4OC0zNDM2M2JjN2M0YzAiOnsiY3JlYXRlIjo2MDAwMDAwMDAwMDAsImRlbGV0ZSI6OTAwMDAwMDAwMDAwfSwic2NoZW1hX3ZlcnNpb24iOiIxIn0=",
          "dependencies": [
            "module.VPCB.aws_vpc.vpc2"
          ]
        }
      ]
    },
    {
      "module": "module.VPCB",
      "mode": "managed",
      "type": "aws_subnet",
      "name": "private_data_subnet_az1",
      "provider": "provider[\"registry.terraform.io/hashicorp/aws\"]",
      "instances": [
        {
          "schema_version": 1,
          "attributes": {
            "arn": "arn:aws:ec2:us-east-1:999841755538:subnet/subnet-054c72beda7f87ef7",
            "assign_ipv6_address_on_creation": false,
            "availability_zone": "us-east-1b",
            "availability_zone_id": "use1-az4",
            "cidr_block": "10.10.1.0/24",
            "customer_owned_ipv4_pool": "",
            "enable_dns64": false,
            "enable_resource_name_dns_a_record_on_launch": false,
            "enable_resource_name_dns_aaaa_record_on_launch": false,
            "id": "subnet-054c72beda7f87ef7",
            "ipv6_cidr_block": "",
            "ipv6_cidr_block_association_id": "",
            "ipv6_native": false,
            "map_customer_owned_ip_on_launch": false,
            "map_public_ip_on_launch": false,
            "outpost_arn": "",
            "owner_id": "999841755538",
            "private_dns_hostname_type_on_launch": "ip-name",
            "tags": {
              "Name": "private subnet1"
            },
            "tags_all": {
              "Name": "private subnet1"
            },
            "timeouts": null,
            "vpc_id": "vpc-02524ebe6053e563b"
          },
          "sensitive_attributes": [],
          "private": "eyJlMmJmYjczMC1lY2FhLTExZTYtOGY4OC0zNDM2M2JjN2M0YzAiOnsiY3JlYXRlIjo2MDAwMDAwMDAwMDAsImRlbGV0ZSI6MTIwMDAwMDAwMDAwMH0sInNjaGVtYV92ZXJzaW9uIjoiMSJ9",
          "dependencies": [
            "module.VPCB.aws_vpc.vpc2",
            "module.VPCB.data.aws_availability_zones.available_zones"
          ]
        }
      ]
    },
    {
      "module": "module.VPCB",
      "mode": "managed",
      "type": "aws_subnet",
      "name": "private_data_subnet_az2",
      "provider": "provider[\"registry.terraform.io/hashicorp/aws\"]",
      "instances": [
        {
          "schema_version": 1,
          "attributes": {
            "arn": "arn:aws:ec2:us-east-1:999841755538:subnet/subnet-05d1f95bff2d35fbd",
            "assign_ipv6_address_on_creation": false,
            "availability_zone": "us-east-1c",
            "availability_zone_id": "use1-az6",
            "cidr_block": "10.10.3.0/24",
            "customer_owned_ipv4_pool": "",
            "enable_dns64": false,
            "enable_resource_name_dns_a_record_on_launch": false,
            "enable_resource_name_dns_aaaa_record_on_launch": false,
            "id": "subnet-05d1f95bff2d35fbd",
            "ipv6_cidr_block": "",
            "ipv6_cidr_block_association_id": "",
            "ipv6_native": false,
            "map_customer_owned_ip_on_launch": false,
            "map_public_ip_on_launch": false,
            "outpost_arn": "",
            "owner_id": "999841755538",
            "private_dns_hostname_type_on_launch": "ip-name",
            "tags": {
              "Name": "public subnet2"
            },
            "tags_all": {
              "Name": "public subnet2"
            },
            "timeouts": null,
            "vpc_id": "vpc-02524ebe6053e563b"
          },
          "sensitive_attributes": [],
          "private": "eyJlMmJmYjczMC1lY2FhLTExZTYtOGY4OC0zNDM2M2JjN2M0YzAiOnsiY3JlYXRlIjo2MDAwMDAwMDAwMDAsImRlbGV0ZSI6MTIwMDAwMDAwMDAwMH0sInNjaGVtYV92ZXJzaW9uIjoiMSJ9",
          "dependencies": [
            "module.VPCB.aws_vpc.vpc2",
            "module.VPCB.data.aws_availability_zones.available_zones"
          ]
        }
      ]
    },
    {
      "module": "module.VPCB",
      "mode": "managed",
      "type": "aws_vpc",
      "name": "vpc2",
      "provider": "provider[\"registry.terraform.io/hashicorp/aws\"]",
      "instances": [
        {
          "schema_version": 1,
          "attributes": {
            "arn": "arn:aws:ec2:us-east-1:999841755538:vpc/vpc-02524ebe6053e563b",
            "assign_generated_ipv6_cidr_block": false,
            "cidr_block": "10.10.0.0/16",
            "default_network_acl_id": "acl-0ae0e2f62678676ed",
            "default_route_table_id": "rtb-0cd6c006b5967db29",
            "default_security_group_id": "sg-01bb84c901f0ec6ba",
            "dhcp_options_id": "dopt-078447ebb5da02506",
            "enable_classiclink": false,
            "enable_classiclink_dns_support": false,
            "enable_dns_hostnames": true,
            "enable_dns_support": true,
            "enable_network_address_usage_metrics": false,
            "id": "vpc-02524ebe6053e563b",
            "instance_tenancy": "default",
            "ipv4_ipam_pool_id": null,
            "ipv4_netmask_length": null,
            "ipv6_association_id": "",
            "ipv6_cidr_block": "",
            "ipv6_cidr_block_network_border_group": "",
            "ipv6_ipam_pool_id": "",
            "ipv6_netmask_length": 0,
            "main_route_table_id": "rtb-0cd6c006b5967db29",
            "owner_id": "999841755538",
            "tags": {
              "Name": "$vpc2"
            },
            "tags_all": {
              "Name": "$vpc2"
            }
          },
          "sensitive_attributes": [],
          "private": "eyJzY2hlbWFfdmVyc2lvbiI6IjEifQ=="
        }
      ]
    },
    {
      "module": "module.VPCC",
      "mode": "managed",
      "type": "aws_ec2_transit_gateway_vpc_attachment",
      "name": "tgw_attach_edge",
      "provider": "provider[\"registry.terraform.io/hashicorp/aws\"]",
      "instances": [
        {
          "schema_version": 0,
          "attributes": {
            "appliance_mode_support": "disable",
            "dns_support": "enable",
            "id": "tgw-attach-0e8fb548029afcb01",
            "ipv6_support": "disable",
            "subnet_ids": [
              "subnet-0232da9fa8177e55b"
            ],
            "tags": {},
            "tags_all": {},
            "transit_gateway_default_route_table_association": true,
            "transit_gateway_default_route_table_propagation": true,
            "transit_gateway_id": "tgw-09c7fe11a33b318ea",
            "vpc_id": "vpc-0b6af843250663b41",
            "vpc_owner_id": "999841755538"
          },
          "sensitive_attributes": [],
          "private": "bnVsbA==",
          "dependencies": [
            "module.VPCC.aws_subnet.edge_internal_subnet_1a",
            "module.VPCC.aws_vpc.vpc3",
            "module.transitGW.aws_ec2_transit_gateway.demo_tgw"
          ]
        }
      ]
    },
    {
      "module": "module.VPCC",
      "mode": "managed",
      "type": "aws_eip",
      "name": "NAT_EIP",
      "provider": "provider[\"registry.terraform.io/hashicorp/aws\"]",
      "instances": [
        {
          "schema_version": 0,
          "attributes": {
            "address": null,
            "allocation_id": "eipalloc-01a57e8d893c3cba6",
            "associate_with_private_ip": null,
            "association_id": "eipassoc-05ea29166c6fd98c2",
            "carrier_ip": "",
            "customer_owned_ip": "",
            "customer_owned_ipv4_pool": "",
            "domain": "vpc",
            "id": "eipalloc-01a57e8d893c3cba6",
            "instance": "",
            "network_border_group": "us-east-1",
            "network_interface": "eni-0e7837cabb81e02b8",
            "private_dns": "ip-192-168-1-113.ec2.internal",
            "private_ip": "192.168.1.113",
            "public_dns": "ec2-34-199-211-95.compute-1.amazonaws.com",
            "public_ip": "34.199.211.95",
            "public_ipv4_pool": "amazon",
            "tags": {},
            "tags_all": {},
            "timeouts": null,
            "vpc": true
          },
          "sensitive_attributes": [],
          "private": "eyJlMmJmYjczMC1lY2FhLTExZTYtOGY4OC0zNDM2M2JjN2M0YzAiOnsiZGVsZXRlIjoxODAwMDAwMDAwMDAsInJlYWQiOjkwMDAwMDAwMDAwMCwidXBkYXRlIjozMDAwMDAwMDAwMDB9fQ=="
        }
      ]
    },
    {
      "module": "module.VPCC",
      "mode": "managed",
      "type": "aws_instance",
      "name": "vpc_edge_nat",
      "provider": "provider[\"registry.terraform.io/hashicorp/aws\"]",
      "instances": [
        {
          "schema_version": 1,
          "attributes": {
            "ami": "ami-0aa7d40eeae50c9a9",
            "arn": "arn:aws:ec2:us-east-1:999841755538:instance/i-0846550d9e93e01b3",
            "associate_public_ip_address": true,
            "availability_zone": "us-east-1a",
            "capacity_reservation_specification": [
              {
                "capacity_reservation_preference": "open",
                "capacity_reservation_target": []
              }
            ],
            "cpu_core_count": 1,
            "cpu_threads_per_core": 1,
            "credit_specification": [
              {
                "cpu_credits": "standard"
              }
            ],
            "disable_api_stop": false,
            "disable_api_termination": false,
            "ebs_block_device": [],
            "ebs_optimized": false,
            "enclave_options": [
              {
                "enabled": false
              }
            ],
            "ephemeral_block_device": [],
            "get_password_data": false,
            "hibernation": false,
            "host_id": "",
            "host_resource_group_arn": null,
            "iam_instance_profile": "",
            "id": "i-0846550d9e93e01b3",
            "instance_initiated_shutdown_behavior": "stop",
            "instance_state": "running",
            "instance_type": "t2.micro",
            "ipv6_address_count": 0,
            "ipv6_addresses": [],
            "key_name": "vinhkey",
            "launch_template": [],
            "maintenance_options": [
              {
                "auto_recovery": "default"
              }
            ],
            "metadata_options": [
              {
                "http_endpoint": "enabled",
                "http_put_response_hop_limit": 1,
                "http_tokens": "optional",
                "instance_metadata_tags": "disabled"
              }
            ],
            "monitoring": false,
            "network_interface": [],
            "outpost_arn": "",
            "password_data": "",
            "placement_group": "",
            "placement_partition_number": 0,
            "primary_network_interface_id": "eni-0b1a87578d0758764",
            "private_dns": "ip-172-31-89-167.ec2.internal",
            "private_dns_name_options": [
              {
                "enable_resource_name_dns_a_record": false,
                "enable_resource_name_dns_aaaa_record": false,
                "hostname_type": "ip-name"
              }
            ],
            "private_ip": "172.31.89.167",
            "public_dns": "ec2-100-26-60-166.compute-1.amazonaws.com",
            "public_ip": "100.26.60.166",
            "root_block_device": [
              {
                "delete_on_termination": true,
                "device_name": "/dev/xvda",
                "encrypted": false,
                "iops": 100,
                "kms_key_id": "",
                "tags": {},
                "throughput": 0,
                "volume_id": "vol-0398cd063d5e46a06",
                "volume_size": 8,
                "volume_type": "gp2"
              }
            ],
            "secondary_private_ips": [],
            "security_groups": [
              "default"
            ],
            "source_dest_check": true,
            "subnet_id": "subnet-066d8c9e6a8ebd693",
            "tags": {
              "Name": "vpc_edge_NAT_Instance"
            },
            "tags_all": {
              "Name": "vpc_edge_NAT_Instance"
            },
            "tenancy": "default",
            "timeouts": null,
            "user_data": null,
            "user_data_base64": null,
            "user_data_replace_on_change": false,
            "volume_tags": null,
            "vpc_security_group_ids": [
              "sg-017aa842fc3ab2fa6"
            ]
          },
          "sensitive_attributes": [],
          "private": "eyJlMmJmYjczMC1lY2FhLTExZTYtOGY4OC0zNDM2M2JjN2M0YzAiOnsiY3JlYXRlIjo2MDAwMDAwMDAwMDAsImRlbGV0ZSI6MTIwMDAwMDAwMDAwMCwidXBkYXRlIjo2MDAwMDAwMDAwMDB9LCJzY2hlbWFfdmVyc2lvbiI6IjEifQ=="
        }
      ]
    },
    {
      "module": "module.VPCC",
      "mode": "managed",
      "type": "aws_instance",
      "name": "web1",
      "provider": "provider[\"registry.terraform.io/hashicorp/aws\"]",
      "instances": [
        {
          "schema_version": 1,
          "attributes": {
            "ami": "ami-0aa7d40eeae50c9a9",
            "arn": "arn:aws:ec2:us-east-1:999841755538:instance/i-02851e4b5be2e4675",
            "associate_public_ip_address": false,
            "availability_zone": "us-east-1a",
            "capacity_reservation_specification": [
              {
                "capacity_reservation_preference": "open",
                "capacity_reservation_target": []
              }
            ],
            "cpu_core_count": 1,
            "cpu_threads_per_core": 1,
            "credit_specification": [
              {
                "cpu_credits": "standard"
              }
            ],
            "disable_api_stop": false,
            "disable_api_termination": false,
            "ebs_block_device": [],
            "ebs_optimized": false,
            "enclave_options": [
              {
                "enabled": false
              }
            ],
            "ephemeral_block_device": [],
            "get_password_data": false,
            "hibernation": false,
            "host_id": "",
            "host_resource_group_arn": null,
            "iam_instance_profile": "",
            "id": "i-02851e4b5be2e4675",
            "instance_initiated_shutdown_behavior": "stop",
            "instance_state": "running",
            "instance_type": "t2.micro",
            "ipv6_address_count": 0,
            "ipv6_addresses": [],
            "key_name": "vinhkey",
            "launch_template": [],
            "maintenance_options": [
              {
                "auto_recovery": "default"
              }
            ],
            "metadata_options": [
              {
                "http_endpoint": "enabled",
                "http_put_response_hop_limit": 1,
                "http_tokens": "optional",
                "instance_metadata_tags": "disabled"
              }
            ],
            "monitoring": false,
            "network_interface": [],
            "outpost_arn": "",
            "password_data": "",
            "placement_group": "",
            "placement_partition_number": 0,
            "primary_network_interface_id": "eni-0cbecf5de80153a44",
            "private_dns": "ip-192-168-4-238.ec2.internal",
            "private_dns_name_options": [
              {
                "enable_resource_name_dns_a_record": false,
                "enable_resource_name_dns_aaaa_record": false,
                "hostname_type": "ip-name"
              }
            ],
            "private_ip": "192.168.4.238",
            "public_dns": "",
            "public_ip": "",
            "root_block_device": [
              {
                "delete_on_termination": true,
                "device_name": "/dev/xvda",
                "encrypted": false,
                "iops": 100,
                "kms_key_id": "",
                "tags": {},
                "throughput": 0,
                "volume_id": "vol-0f37c779ebf214f33",
                "volume_size": 8,
                "volume_type": "gp2"
              }
            ],
            "secondary_private_ips": [],
            "security_groups": [],
            "source_dest_check": true,
            "subnet_id": "subnet-03e9d226e01980011",
            "tags": {
              "Name": "Edge_VPC_Web_Server_1"
            },
            "tags_all": {
              "Name": "Edge_VPC_Web_Server_1"
            },
            "tenancy": "default",
            "timeouts": null,
            "user_data": null,
            "user_data_base64": null,
            "user_data_replace_on_change": false,
            "volume_tags": null,
            "vpc_security_group_ids": [
              "sg-0bd9a5ae040d92d5a"
            ]
          },
          "sensitive_attributes": [],
          "private": "eyJlMmJmYjczMC1lY2FhLTExZTYtOGY4OC0zNDM2M2JjN2M0YzAiOnsiY3JlYXRlIjo2MDAwMDAwMDAwMDAsImRlbGV0ZSI6MTIwMDAwMDAwMDAwMCwidXBkYXRlIjo2MDAwMDAwMDAwMDB9LCJzY2hlbWFfdmVyc2lvbiI6IjEifQ==",
          "dependencies": [
            "module.VPCC.aws_security_group.edge_web_sg",
            "module.VPCC.aws_subnet.edge_web_subnet_1a"
          ]
        }
      ]
    },
    {
      "module": "module.VPCC",
      "mode": "managed",
      "type": "aws_internet_gateway",
      "name": "edge_vpc_igw",
      "provider": "provider[\"registry.terraform.io/hashicorp/aws\"]",
      "instances": [
        {
          "schema_version": 0,
          "attributes": {
            "arn": "arn:aws:ec2:us-east-1:999841755538:internet-gateway/igw-03b469e9b9082b275",
            "id": "igw-03b469e9b9082b275",
            "owner_id": "999841755538",
            "tags": {},
            "tags_all": {},
            "timeouts": null,
            "vpc_id": "vpc-0b6af843250663b41"
          },
          "sensitive_attributes": [],
          "private": "eyJlMmJmYjczMC1lY2FhLTExZTYtOGY4OC0zNDM2M2JjN2M0YzAiOnsiY3JlYXRlIjoxMjAwMDAwMDAwMDAwLCJkZWxldGUiOjEyMDAwMDAwMDAwMDAsInVwZGF0ZSI6MTIwMDAwMDAwMDAwMH19",
          "dependencies": [
            "module.VPCC.aws_vpc.vpc3"
          ]
        }
      ]
    },
    {
      "module": "module.VPCC",
      "mode": "managed",
      "type": "aws_nat_gateway",
      "name": "NATGW",
      "provider": "provider[\"registry.terraform.io/hashicorp/aws\"]",
      "instances": [
        {
          "schema_version": 0,
          "attributes": {
            "allocation_id": "eipalloc-01a57e8d893c3cba6",
            "connectivity_type": "public",
            "id": "nat-05ec2d996d69565a4",
            "network_interface_id": "eni-0e7837cabb81e02b8",
            "private_ip": "192.168.1.113",
            "public_ip": "34.199.211.95",
            "subnet_id": "subnet-0be44477ba54491be",
            "tags": {},
            "tags_all": {}
          },
          "sensitive_attributes": [],
          "private": "bnVsbA==",
          "dependencies": [
            "module.VPCC.aws_eip.NAT_EIP",
            "module.VPCC.aws_subnet.edge_external_subnet_1a",
            "module.VPCC.aws_vpc.vpc3"
          ]
        }
      ]
    },
    {
      "module": "module.VPCC",
      "mode": "managed",
      "type": "aws_route_table",
      "name": "edge_internal_rt",
      "provider": "provider[\"registry.terraform.io/hashicorp/aws\"]",
      "instances": [
        {
          "schema_version": 0,
          "attributes": {
            "arn": "arn:aws:ec2:us-east-1:999841755538:route-table/rtb-034e51586f60e3608",
            "id": "rtb-034e51586f60e3608",
            "owner_id": "999841755538",
            "propagating_vgws": [],
            "route": [
              {
                "carrier_gateway_id": "",
                "cidr_block": "0.0.0.0/0",
                "core_network_arn": "",
                "destination_prefix_list_id": "",
                "egress_only_gateway_id": "",
                "gateway_id": "",
                "instance_id": "",
                "ipv6_cidr_block": "",
                "local_gateway_id": "",
                "nat_gateway_id": "nat-05ec2d996d69565a4",
                "network_interface_id": "",
                "transit_gateway_id": "",
                "vpc_endpoint_id": "",
                "vpc_peering_connection_id": ""
              }
            ],
            "tags": {
              "Name": "NAT_ROUTE"
            },
            "tags_all": {
              "Name": "NAT_ROUTE"
            },
            "timeouts": null,
            "vpc_id": "vpc-0b6af843250663b41"
          },
          "sensitive_attributes": [],
          "private": "eyJlMmJmYjczMC1lY2FhLTExZTYtOGY4OC0zNDM2M2JjN2M0YzAiOnsiY3JlYXRlIjozMDAwMDAwMDAwMDAsImRlbGV0ZSI6MzAwMDAwMDAwMDAwLCJ1cGRhdGUiOjEyMDAwMDAwMDAwMH19",
          "dependencies": [
            "module.VPCC.aws_eip.NAT_EIP",
            "module.VPCC.aws_nat_gateway.NATGW",
            "module.VPCC.aws_subnet.edge_external_subnet_1a",
            "module.VPCC.aws_vpc.vpc3"
          ]
        }
      ]
    },
    {
      "module": "module.VPCC",
      "mode": "managed",
      "type": "aws_route_table",
      "name": "edge_pub_rt",
      "provider": "provider[\"registry.terraform.io/hashicorp/aws\"]",
      "instances": [
        {
          "schema_version": 0,
          "attributes": {
            "arn": "arn:aws:ec2:us-east-1:999841755538:route-table/rtb-05decf2dfa5d93101",
            "id": "rtb-05decf2dfa5d93101",
            "owner_id": "999841755538",
            "propagating_vgws": [],
            "route": [
              {
                "carrier_gateway_id": "",
                "cidr_block": "0.0.0.0/0",
                "core_network_arn": "",
                "destination_prefix_list_id": "",
                "egress_only_gateway_id": "",
                "gateway_id": "igw-03b469e9b9082b275",
                "instance_id": "",
                "ipv6_cidr_block": "",
                "local_gateway_id": "",
                "nat_gateway_id": "",
                "network_interface_id": "",
                "transit_gateway_id": "",
                "vpc_endpoint_id": "",
                "vpc_peering_connection_id": ""
              }
            ],
            "tags": {
              "Name": "Edge_VPC_Public_Route_Table"
            },
            "tags_all": {
              "Name": "Edge_VPC_Public_Route_Table"
            },
            "timeouts": null,
            "vpc_id": "vpc-0b6af843250663b41"
          },
          "sensitive_attributes": [],
          "private": "eyJlMmJmYjczMC1lY2FhLTExZTYtOGY4OC0zNDM2M2JjN2M0YzAiOnsiY3JlYXRlIjozMDAwMDAwMDAwMDAsImRlbGV0ZSI6MzAwMDAwMDAwMDAwLCJ1cGRhdGUiOjEyMDAwMDAwMDAwMH19",
          "dependencies": [
            "module.VPCC.aws_internet_gateway.edge_vpc_igw",
            "module.VPCC.aws_vpc.vpc3"
          ]
        }
      ]
    },
    {
      "module": "module.VPCC",
      "mode": "managed",
      "type": "aws_route_table_association",
      "name": "edge_rt_associatio_1a",
      "provider": "provider[\"registry.terraform.io/hashicorp/aws\"]",
      "instances": [
        {
          "schema_version": 0,
          "attributes": {
            "gateway_id": "",
            "id": "rtbassoc-02da960711764abdd",
            "route_table_id": "rtb-05decf2dfa5d93101",
            "subnet_id": "subnet-0be44477ba54491be"
          },
          "sensitive_attributes": [],
          "private": "bnVsbA==",
          "dependencies": [
            "module.VPCC.aws_internet_gateway.edge_vpc_igw",
            "module.VPCC.aws_route_table.edge_pub_rt",
            "module.VPCC.aws_subnet.edge_external_subnet_1a",
            "module.VPCC.aws_vpc.vpc3"
          ]
        }
      ]
    },
    {
      "module": "module.VPCC",
      "mode": "managed",
      "type": "aws_route_table_association",
      "name": "nat_internal_association",
      "provider": "provider[\"registry.terraform.io/hashicorp/aws\"]",
      "instances": [
        {
          "schema_version": 0,
          "attributes": {
            "gateway_id": "",
            "id": "rtbassoc-06f6e3edcc7a85f36",
            "route_table_id": "rtb-034e51586f60e3608",
            "subnet_id": "subnet-0232da9fa8177e55b"
          },
          "sensitive_attributes": [],
          "private": "bnVsbA==",
          "dependencies": [
            "module.VPCC.aws_eip.NAT_EIP",
            "module.VPCC.aws_nat_gateway.NATGW",
            "module.VPCC.aws_route_table.edge_internal_rt",
            "module.VPCC.aws_subnet.edge_external_subnet_1a",
            "module.VPCC.aws_subnet.edge_internal_subnet_1a",
            "module.VPCC.aws_vpc.vpc3"
          ]
        }
      ]
    },
    {
      "module": "module.VPCC",
      "mode": "managed",
      "type": "aws_security_group",
      "name": "edge_vpc_permissive_sg",
      "provider": "provider[\"registry.terraform.io/hashicorp/aws\"]",
      "instances": [
        {
          "schema_version": 1,
          "attributes": {
            "arn": "arn:aws:ec2:us-east-1:999841755538:security-group/sg-0d3262d6c9fe55b44",
            "description": "edge_vpc_permissive_sg",
            "egress": [
              {
                "cidr_blocks": [
                  "0.0.0.0/0"
                ],
                "description": "",
                "from_port": 0,
                "ipv6_cidr_blocks": [],
                "prefix_list_ids": [],
                "protocol": "-1",
                "security_groups": [],
                "self": false,
                "to_port": 0
              }
            ],
            "id": "sg-0d3262d6c9fe55b44",
            "ingress": [
              {
                "cidr_blocks": [
                  "0.0.0.0/0"
                ],
                "description": "",
                "from_port": 0,
                "ipv6_cidr_blocks": [],
                "prefix_list_ids": [],
                "protocol": "-1",
                "security_groups": [],
                "self": false,
                "to_port": 0
              }
            ],
            "name": "edge_vpc_permissive_sg",
            "name_prefix": "",
            "owner_id": "999841755538",
            "revoke_rules_on_delete": false,
            "tags": {},
            "tags_all": {},
            "timeouts": null,
            "vpc_id": "vpc-0b6af843250663b41"
          },
          "sensitive_attributes": [],
          "private": "eyJlMmJmYjczMC1lY2FhLTExZTYtOGY4OC0zNDM2M2JjN2M0YzAiOnsiY3JlYXRlIjo2MDAwMDAwMDAwMDAsImRlbGV0ZSI6OTAwMDAwMDAwMDAwfSwic2NoZW1hX3ZlcnNpb24iOiIxIn0=",
          "dependencies": [
            "module.VPCC.aws_vpc.vpc3"
          ]
        }
      ]
    },
    {
      "module": "module.VPCC",
      "mode": "managed",
      "type": "aws_security_group",
      "name": "edge_web_sg",
      "provider": "provider[\"registry.terraform.io/hashicorp/aws\"]",
      "instances": [
        {
          "schema_version": 1,
          "attributes": {
            "arn": "arn:aws:ec2:us-east-1:999841755538:security-group/sg-0bd9a5ae040d92d5a",
            "description": "edge_web_sg",
            "egress": [
              {
                "cidr_blocks": [
                  "0.0.0.0/0"
                ],
                "description": "",
                "from_port": 0,
                "ipv6_cidr_blocks": [],
                "prefix_list_ids": [],
                "protocol": "-1",
                "security_groups": [],
                "self": false,
                "to_port": 0
              }
            ],
            "id": "sg-0bd9a5ae040d92d5a",
            "ingress": [
              {
                "cidr_blocks": [
                  "0.0.0.0/0"
                ],
                "description": "",
                "from_port": 443,
                "ipv6_cidr_blocks": [],
                "prefix_list_ids": [],
                "protocol": "tcp",
                "security_groups": [],
                "self": false,
                "to_port": 443
              },
              {
                "cidr_blocks": [
                  "0.0.0.0/0"
                ],
                "description": "",
                "from_port": 80,
                "ipv6_cidr_blocks": [],
                "prefix_list_ids": [],
                "protocol": "tcp",
                "security_groups": [],
                "self": false,
                "to_port": 80
              },
              {
                "cidr_blocks": [
                  "0.0.0.0/0"
                ],
                "description": "",
                "from_port": 8,
                "ipv6_cidr_blocks": [],
                "prefix_list_ids": [],
                "protocol": "icmp",
                "security_groups": [],
                "self": false,
                "to_port": 0
              },
              {
                "cidr_blocks": [],
                "description": "",
                "from_port": 22,
                "ipv6_cidr_blocks": [],
                "prefix_list_ids": [],
                "protocol": "tcp",
                "security_groups": [
                  "sg-0d3262d6c9fe55b44"
                ],
                "self": false,
                "to_port": 22
              }
            ],
            "name": "edge_web_sg",
            "name_prefix": "",
            "owner_id": "999841755538",
            "revoke_rules_on_delete": false,
            "tags": {},
            "tags_all": {},
            "timeouts": null,
            "vpc_id": "vpc-0b6af843250663b41"
          },
          "sensitive_attributes": [],
          "private": "eyJlMmJmYjczMC1lY2FhLTExZTYtOGY4OC0zNDM2M2JjN2M0YzAiOnsiY3JlYXRlIjo2MDAwMDAwMDAwMDAsImRlbGV0ZSI6OTAwMDAwMDAwMDAwfSwic2NoZW1hX3ZlcnNpb24iOiIxIn0=",
          "dependencies": [
            "module.VPCC.aws_security_group.edge_vpc_permissive_sg",
            "module.VPCC.aws_vpc.vpc3"
          ]
        }
      ]
    },
    {
      "module": "module.VPCC",
      "mode": "managed",
      "type": "aws_subnet",
      "name": "edge_external_subnet_1a",
      "provider": "provider[\"registry.terraform.io/hashicorp/aws\"]",
      "instances": [
        {
          "schema_version": 1,
          "attributes": {
            "arn": "arn:aws:ec2:us-east-1:999841755538:subnet/subnet-0be44477ba54491be",
            "assign_ipv6_address_on_creation": false,
            "availability_zone": "us-east-1a",
            "availability_zone_id": "use1-az2",
            "cidr_block": "192.168.1.0/24",
            "customer_owned_ipv4_pool": "",
            "enable_dns64": false,
            "enable_resource_name_dns_a_record_on_launch": false,
            "enable_resource_name_dns_aaaa_record_on_launch": false,
            "id": "subnet-0be44477ba54491be",
            "ipv6_cidr_block": "",
            "ipv6_cidr_block_association_id": "",
            "ipv6_native": false,
            "map_customer_owned_ip_on_launch": false,
            "map_public_ip_on_launch": true,
            "outpost_arn": "",
            "owner_id": "999841755538",
            "private_dns_hostname_type_on_launch": "ip-name",
            "tags": {
              "Name": "VPC3_public_subnet_1a_ex"
            },
            "tags_all": {
              "Name": "VPC3_public_subnet_1a_ex"
            },
            "timeouts": null,
            "vpc_id": "vpc-0b6af843250663b41"
          },
          "sensitive_attributes": [],
          "private": "eyJlMmJmYjczMC1lY2FhLTExZTYtOGY4OC0zNDM2M2JjN2M0YzAiOnsiY3JlYXRlIjo2MDAwMDAwMDAwMDAsImRlbGV0ZSI6MTIwMDAwMDAwMDAwMH0sInNjaGVtYV92ZXJzaW9uIjoiMSJ9",
          "dependencies": [
            "module.VPCC.aws_vpc.vpc3"
          ]
        }
      ]
    },
    {
      "module": "module.VPCC",
      "mode": "managed",
      "type": "aws_subnet",
      "name": "edge_internal_subnet_1a",
      "provider": "provider[\"registry.terraform.io/hashicorp/aws\"]",
      "instances": [
        {
          "schema_version": 1,
          "attributes": {
            "arn": "arn:aws:ec2:us-east-1:999841755538:subnet/subnet-0232da9fa8177e55b",
            "assign_ipv6_address_on_creation": false,
            "availability_zone": "us-east-1a",
            "availability_zone_id": "use1-az2",
            "cidr_block": "192.168.2.0/24",
            "customer_owned_ipv4_pool": "",
            "enable_dns64": false,
            "enable_resource_name_dns_a_record_on_launch": false,
            "enable_resource_name_dns_aaaa_record_on_launch": false,
            "id": "subnet-0232da9fa8177e55b",
            "ipv6_cidr_block": "",
            "ipv6_cidr_block_association_id": "",
            "ipv6_native": false,
            "map_customer_owned_ip_on_launch": false,
            "map_public_ip_on_launch": false,
            "outpost_arn": "",
            "owner_id": "999841755538",
            "private_dns_hostname_type_on_launch": "ip-name",
            "tags": {
              "Name": "VPC3_private_Subnet_1b_internal"
            },
            "tags_all": {
              "Name": "VPC3_private_Subnet_1b_internal"
            },
            "timeouts": null,
            "vpc_id": "vpc-0b6af843250663b41"
          },
          "sensitive_attributes": [],
          "private": "eyJlMmJmYjczMC1lY2FhLTExZTYtOGY4OC0zNDM2M2JjN2M0YzAiOnsiY3JlYXRlIjo2MDAwMDAwMDAwMDAsImRlbGV0ZSI6MTIwMDAwMDAwMDAwMH0sInNjaGVtYV92ZXJzaW9uIjoiMSJ9",
          "dependencies": [
            "module.VPCC.aws_vpc.vpc3"
          ]
        }
      ]
    },
    {
      "module": "module.VPCC",
      "mode": "managed",
      "type": "aws_subnet",
      "name": "edge_web_subnet_1a",
      "provider": "provider[\"registry.terraform.io/hashicorp/aws\"]",
      "instances": [
        {
          "schema_version": 1,
          "attributes": {
            "arn": "arn:aws:ec2:us-east-1:999841755538:subnet/subnet-03e9d226e01980011",
            "assign_ipv6_address_on_creation": false,
            "availability_zone": "us-east-1a",
            "availability_zone_id": "use1-az2",
            "cidr_block": "192.168.4.0/24",
            "customer_owned_ipv4_pool": "",
            "enable_dns64": false,
            "enable_resource_name_dns_a_record_on_launch": false,
            "enable_resource_name_dns_aaaa_record_on_launch": false,
            "id": "subnet-03e9d226e01980011",
            "ipv6_cidr_block": "",
            "ipv6_cidr_block_association_id": "",
            "ipv6_native": false,
            "map_customer_owned_ip_on_launch": false,
            "map_public_ip_on_launch": false,
            "outpost_arn": "",
            "owner_id": "999841755538",
            "private_dns_hostname_type_on_launch": "ip-name",
            "tags": {
              "Name": "Edge_VPC_Web_Subnet_1A"
            },
            "tags_all": {
              "Name": "Edge_VPC_Web_Subnet_1A"
            },
            "timeouts": null,
            "vpc_id": "vpc-0b6af843250663b41"
          },
          "sensitive_attributes": [],
          "private": "eyJlMmJmYjczMC1lY2FhLTExZTYtOGY4OC0zNDM2M2JjN2M0YzAiOnsiY3JlYXRlIjo2MDAwMDAwMDAwMDAsImRlbGV0ZSI6MTIwMDAwMDAwMDAwMH0sInNjaGVtYV92ZXJzaW9uIjoiMSJ9",
          "dependencies": [
            "module.VPCC.aws_vpc.vpc3"
          ]
        }
      ]
    },
    {
      "module": "module.VPCC",
      "mode": "managed",
      "type": "aws_vpc",
      "name": "vpc3",
      "provider": "provider[\"registry.terraform.io/hashicorp/aws\"]",
      "instances": [
        {
          "schema_version": 1,
          "attributes": {
            "arn": "arn:aws:ec2:us-east-1:999841755538:vpc/vpc-0b6af843250663b41",
            "assign_generated_ipv6_cidr_block": false,
            "cidr_block": "192.168.0.0/16",
            "default_network_acl_id": "acl-02d9a7b9a23444b9b",
            "default_route_table_id": "rtb-0caac968a3207f733",
            "default_security_group_id": "sg-0d57cfa9ad1bc40e7",
            "dhcp_options_id": "dopt-078447ebb5da02506",
            "enable_classiclink": false,
            "enable_classiclink_dns_support": false,
            "enable_dns_hostnames": false,
            "enable_dns_support": true,
            "enable_network_address_usage_metrics": false,
            "id": "vpc-0b6af843250663b41",
            "instance_tenancy": "default",
            "ipv4_ipam_pool_id": null,
            "ipv4_netmask_length": null,
            "ipv6_association_id": "",
            "ipv6_cidr_block": "",
            "ipv6_cidr_block_network_border_group": "",
            "ipv6_ipam_pool_id": "",
            "ipv6_netmask_length": 0,
            "main_route_table_id": "rtb-0caac968a3207f733",
            "owner_id": "999841755538",
            "tags": {
              "Name": "vpc_trunggian"
            },
            "tags_all": {
              "Name": "vpc_trunggian"
            }
          },
          "sensitive_attributes": [],
          "private": "eyJzY2hlbWFfdmVyc2lvbiI6IjEifQ=="
        }
      ]
    },
    {
      "module": "module.transitGW",
      "mode": "managed",
      "type": "aws_ec2_transit_gateway",
      "name": "demo_tgw",
      "provider": "provider[\"registry.terraform.io/hashicorp/aws\"]",
      "instances": [
        {
          "schema_version": 0,
          "attributes": {
            "amazon_side_asn": 64512,
            "arn": "arn:aws:ec2:us-east-1:999841755538:transit-gateway/tgw-09c7fe11a33b318ea",
            "association_default_route_table_id": "tgw-rtb-04827221a07716197",
            "auto_accept_shared_attachments": "disable",
            "default_route_table_association": "enable",
            "default_route_table_propagation": "enable",
            "description": "demo_tgw",
            "dns_support": "enable",
            "id": "tgw-09c7fe11a33b318ea",
            "multicast_support": "disable",
            "owner_id": "999841755538",
            "propagation_default_route_table_id": "tgw-rtb-04827221a07716197",
            "tags": {
              "Name": "Transit_Gateway"
            },
            "tags_all": {
              "Name": "Transit_Gateway"
            },
            "timeouts": null,
            "transit_gateway_cidr_blocks": [],
            "vpn_ecmp_support": "enable"
          },
          "sensitive_attributes": [],
          "private": "eyJlMmJmYjczMC1lY2FhLTExZTYtOGY4OC0zNDM2M2JjN2M0YzAiOnsiY3JlYXRlIjo2MDAwMDAwMDAwMDAsImRlbGV0ZSI6NjAwMDAwMDAwMDAwLCJ1cGRhdGUiOjYwMDAwMDAwMDAwMH19"
        }
      ]
    },
    {
      "module": "module.transitGW",
      "mode": "managed",
      "type": "aws_ec2_transit_gateway_route",
      "name": "tgw_VPCA_route",
      "provider": "provider[\"registry.terraform.io/hashicorp/aws\"]",
      "instances": [
        {
          "schema_version": 0,
          "attributes": {
            "blackhole": false,
            "destination_cidr_block": "10.20.0.0/16",
            "id": "tgw-rtb-04827221a07716197_10.20.0.0/16",
            "transit_gateway_attachment_id": "tgw-attach-0a3da03345ad8ea3a",
            "transit_gateway_route_table_id": "tgw-rtb-04827221a07716197"
          },
          "sensitive_attributes": [],
          "private": "bnVsbA==",
          "dependencies": [
            "module.VPCA.aws_ec2_transit_gateway_vpc_attachment.tgw_attach_VPC1",
            "module.VPCA.aws_subnet.private_data_subnet_az1",
            "module.VPCA.aws_vpc.vpc1",
            "module.VPCA.data.aws_availability_zones.available_zones",
            "module.transitGW.aws_ec2_transit_gateway.demo_tgw"
          ]
        }
      ]
    },
    {
      "module": "module.transitGW",
      "mode": "managed",
      "type": "aws_ec2_transit_gateway_route",
      "name": "tgw_VPCB_route",
      "provider": "provider[\"registry.terraform.io/hashicorp/aws\"]",
      "instances": [
        {
          "schema_version": 0,
          "attributes": {
            "blackhole": false,
            "destination_cidr_block": "10.10.0.0/16",
            "id": "tgw-rtb-04827221a07716197_10.10.0.0/16",
            "transit_gateway_attachment_id": "tgw-attach-0bb4c5b107835bc10",
            "transit_gateway_route_table_id": "tgw-rtb-04827221a07716197"
          },
          "sensitive_attributes": [],
          "private": "bnVsbA==",
          "dependencies": [
            "module.VPCB.aws_ec2_transit_gateway_vpc_attachment.tgw_attach_VPC2",
            "module.VPCB.aws_subnet.private_data_subnet_az1",
            "module.VPCB.aws_vpc.vpc2",
            "module.VPCB.data.aws_availability_zones.available_zones",
            "module.transitGW.aws_ec2_transit_gateway.demo_tgw"
          ]
        }
      ]
    },
    {
      "module": "module.transitGW",
      "mode": "managed",
      "type": "aws_ec2_transit_gateway_route",
      "name": "tgw_VPCC_route",
      "provider": "provider[\"registry.terraform.io/hashicorp/aws\"]",
      "instances": [
        {
          "schema_version": 0,
          "attributes": {
            "blackhole": false,
            "destination_cidr_block": "192.168.0.0/16",
            "id": "tgw-rtb-04827221a07716197_192.168.0.0/16",
            "transit_gateway_attachment_id": "tgw-attach-0e8fb548029afcb01",
            "transit_gateway_route_table_id": "tgw-rtb-04827221a07716197"
          },
          "sensitive_attributes": [],
          "private": "bnVsbA==",
          "dependencies": [
            "module.VPCC.aws_ec2_transit_gateway_vpc_attachment.tgw_attach_edge",
            "module.VPCC.aws_subnet.edge_internal_subnet_1a",
            "module.VPCC.aws_vpc.vpc3",
            "module.transitGW.aws_ec2_transit_gateway.demo_tgw"
          ]
        }
      ]
    },
    {
      "module": "module.transitGW",
      "mode": "managed",
      "type": "aws_ec2_transit_gateway_route_table",
      "name": "TGW_VPCA_route_table",
      "provider": "provider[\"registry.terraform.io/hashicorp/aws\"]",
      "instances": [
        {
          "schema_version": 0,
          "attributes": {
            "arn": "arn:aws:ec2:us-east-1:999841755538:transit-gateway-route-table/tgw-rtb-0771a879213e82e42",
            "default_association_route_table": false,
            "default_propagation_route_table": false,
            "id": "tgw-rtb-0771a879213e82e42",
            "tags": {},
            "tags_all": {},
            "transit_gateway_id": "tgw-09c7fe11a33b318ea"
          },
          "sensitive_attributes": [],
          "private": "bnVsbA==",
          "dependencies": [
            "module.transitGW.aws_ec2_transit_gateway.demo_tgw"
          ]
        }
      ]
    },
    {
      "module": "module.transitGW",
      "mode": "managed",
      "type": "aws_ec2_transit_gateway_route_table",
      "name": "TGW_VPCB_route_table",
      "provider": "provider[\"registry.terraform.io/hashicorp/aws\"]",
      "instances": [
        {
          "schema_version": 0,
          "attributes": {
            "arn": "arn:aws:ec2:us-east-1:999841755538:transit-gateway-route-table/tgw-rtb-029432b57082d85de",
            "default_association_route_table": false,
            "default_propagation_route_table": false,
            "id": "tgw-rtb-029432b57082d85de",
            "tags": {},
            "tags_all": {},
            "transit_gateway_id": "tgw-09c7fe11a33b318ea"
          },
          "sensitive_attributes": [],
          "private": "bnVsbA==",
          "dependencies": [
            "module.transitGW.aws_ec2_transit_gateway.demo_tgw"
          ]
        }
      ]
    },
    {
      "module": "module.transitGW",
      "mode": "managed",
      "type": "aws_ec2_transit_gateway_route_table",
      "name": "TGW_VPCC_route_table",
      "provider": "provider[\"registry.terraform.io/hashicorp/aws\"]",
      "instances": [
        {
          "schema_version": 0,
          "attributes": {
            "arn": "arn:aws:ec2:us-east-1:999841755538:transit-gateway-route-table/tgw-rtb-00bad735b42080f76",
            "default_association_route_table": false,
            "default_propagation_route_table": false,
            "id": "tgw-rtb-00bad735b42080f76",
            "tags": {},
            "tags_all": {},
            "transit_gateway_id": "tgw-09c7fe11a33b318ea"
          },
          "sensitive_attributes": [],
          "private": "bnVsbA==",
          "dependencies": [
            "module.transitGW.aws_ec2_transit_gateway.demo_tgw"
          ]
        }
      ]
    }
  ]
}
