{
  "version": 4,
  "terraform_version": "1.1.9",
  "serial": 551,
  "lineage": "55eec127-5e2c-9280-1a5a-4d9cebe74175",
  "outputs": {},
  "resources": [
    {
      "mode": "managed",
      "type": "aws_key_pair",
      "name": "vinh_key_1",
      "provider": "provider[\"registry.terraform.io/hashicorp/aws\"]",
      "instances": [
        {
          "schema_version": 1,
          "attributes": {
            "arn": "arn:aws:ec2:us-east-1:999841755538:key-pair/vinhkey",
            "fingerprint": "52:97:f2:80:53:52:32:d3:ee:8d:a3:53:2b:79:f1:d1",
            "id": "vinhkey",
            "key_name": "vinhkey",
            "key_name_prefix": "",
            "key_pair_id": "key-0e787d69c46d6535b",
            "key_type": "rsa",
            "public_key": "ssh-rsa AAAAB3NzaC1yc2EAAAADAQABAAABgQDW7Aq1PyehQGR98lM9GGn3D1UNJd0nw42sT8MorWNQHwYD1cIbXkze/PXqIoc6LtWVO4+a2mA+G15qwljTs7+eLOXzGqJTUWhxCbvI1Yx4hCh1+esORc2359IEkzvEZl08DWJtg/0Cg/SY3q0U6sEwE8ph0dRHx3fnL6bhbl5dGCeiVcEIqYRDLPyshZiiqPu+3nHm3htJBXkHM6aCcqMFP1wiRv3cMPmAamwzyJUAN8+4qF+DIWxsohDrgrMz8+2m6y+pi2gC4uzOfUu+13jADzB/88HVYjk9Ao6wzQcT/xS/aB42O+b2ca+DyPUwvzt6GCP9+LuoTBOd86Ws52snwPalWjU6hq0dkX5mrCSl6esWRHPNJxFKRtN2IKJBgSdzAoEnEAc78gz6FZXkKL2i0GKbz8tmxuKmQQkvGZ2uR0xWOeBubnVAVhJbU100muDCBIYz64G4NZbMpG6lnzG7cLTNPnJYmUy6QbCNSKxMtmhiUtRFUZOMAJ6FOLkpPQk= root@vinh-VirtualBox",
            "tags": null,
            "tags_all": {}
          },
          "sensitive_attributes": [],
          "private": "eyJzY2hlbWFfdmVyc2lvbiI6IjEifQ=="
        }
      ]
    },
    {
      "module": "module.VPCA",
      "mode": "data",
      "type": "aws_availability_zones",
      "name": "available_zones",
      "provider": "provider[\"registry.terraform.io/hashicorp/aws\"]",
      "instances": [
        {
          "schema_version": 0,
          "attributes": {
            "all_availability_zones": null,
            "exclude_names": null,
            "exclude_zone_ids": null,
            "filter": null,
            "group_names": [
              "us-east-1"
            ],
            "id": "us-east-1",
            "names": [
              "us-east-1a",
              "us-east-1b",
              "us-east-1c",
              "us-east-1d",
              "us-east-1e",
              "us-east-1f"
            ],
            "state": null,
            "timeouts": null,
            "zone_ids": [
              "use1-az2",
              "use1-az4",
              "use1-az6",
              "use1-az1",
              "use1-az3",
              "use1-az5"
            ]
          },
          "sensitive_attributes": []
        }
      ]
    },
    {
      "module": "module.VPCA",
      "mode": "managed",
      "type": "aws_ec2_transit_gateway_vpc_attachment",
      "name": "tgw_attach_VPC1",
      "provider": "provider[\"registry.terraform.io/hashicorp/aws\"]",
      "instances": [
        {
          "schema_version": 0,
          "attributes": {
            "appliance_mode_support": "disable",
            "dns_support": "enable",
            "id": "tgw-attach-07a3d7849862421fc",
            "ipv6_support": "disable",
            "subnet_ids": [
              "subnet-0969a553d5689bf4c"
            ],
            "tags": null,
            "tags_all": {},
            "transit_gateway_default_route_table_association": true,
            "transit_gateway_default_route_table_propagation": true,
            "transit_gateway_id": "tgw-0f9f3c03e503f2a5d",
            "vpc_id": "vpc-0622f4b90bfb5ae8e",
            "vpc_owner_id": "999841755538"
          },
          "sensitive_attributes": [],
          "private": "bnVsbA==",
          "dependencies": [
            "module.VPCA.aws_subnet.private_data_subnet_az1",
            "module.VPCA.aws_vpc.vpc1",
            "module.VPCA.data.aws_availability_zones.available_zones",
            "module.transitGW.aws_ec2_transit_gateway.demo_tgw"
          ]
        }
      ]
    },
    {
      "module": "module.VPCA",
      "mode": "managed",
      "type": "aws_instance",
      "name": "VPC1_web1",
      "provider": "provider[\"registry.terraform.io/hashicorp/aws\"]",
      "instances": [
        {
          "schema_version": 1,
          "attributes": {
            "ami": "ami-0aa7d40eeae50c9a9",
            "arn": "arn:aws:ec2:us-east-1:999841755538:instance/i-0f1aa2ced2eacb49f",
            "associate_public_ip_address": false,
            "availability_zone": "us-east-1b",
            "capacity_reservation_specification": [
              {
                "capacity_reservation_preference": "open",
                "capacity_reservation_target": []
              }
            ],
            "cpu_core_count": 1,
            "cpu_threads_per_core": 1,
            "credit_specification": [
              {
                "cpu_credits": "standard"
              }
            ],
            "disable_api_stop": false,
            "disable_api_termination": false,
            "ebs_block_device": [],
            "ebs_optimized": false,
            "enclave_options": [
              {
                "enabled": false
              }
            ],
            "ephemeral_block_device": [],
            "get_password_data": false,
            "hibernation": false,
            "host_id": "",
            "host_resource_group_arn": null,
            "iam_instance_profile": "",
            "id": "i-0f1aa2ced2eacb49f",
            "instance_initiated_shutdown_behavior": "stop",
            "instance_state": "running",
            "instance_type": "t2.micro",
            "ipv6_address_count": 0,
            "ipv6_addresses": [],
            "key_name": "vinhkey",
            "launch_template": [],
            "maintenance_options": [
              {
                "auto_recovery": "default"
              }
            ],
            "metadata_options": [
              {
                "http_endpoint": "enabled",
                "http_put_response_hop_limit": 1,
                "http_tokens": "optional",
                "instance_metadata_tags": "disabled"
              }
            ],
            "monitoring": false,
            "network_interface": [],
            "outpost_arn": "",
            "password_data": "",
            "placement_group": "",
            "placement_partition_number": 0,
            "primary_network_interface_id": "eni-083629718dc55fbe7",
            "private_dns": "ip-10-20-1-20.ec2.internal",
            "private_dns_name_options": [
              {
                "enable_resource_name_dns_a_record": false,
                "enable_resource_name_dns_aaaa_record": false,
                "hostname_type": "ip-name"
              }
            ],
            "private_ip": "10.20.1.20",
            "public_dns": "",
            "public_ip": "",
            "root_block_device": [
              {
                "delete_on_termination": true,
                "device_name": "/dev/xvda",
                "encrypted": false,
                "iops": 100,
                "kms_key_id": "",
                "tags": {},
                "throughput": 0,
                "volume_id": "vol-01cd042c67e1da1cf",
                "volume_size": 8,
                "volume_type": "gp2"
              }
            ],
            "secondary_private_ips": [],
            "security_groups": [],
            "source_dest_check": true,
            "subnet_id": "subnet-0969a553d5689bf4c",
            "tags": {
              "Name": "VPC1_Web_Server_1"
            },
            "tags_all": {
              "Name": "VPC1_Web_Server_1"
            },
            "tenancy": "default",
            "timeouts": null,
            "user_data": null,
            "user_data_base64": null,
            "user_data_replace_on_change": false,
            "volume_tags": null,
            "vpc_security_group_ids": [
              "sg-080302a3addf78e56"
            ]
          },
          "sensitive_attributes": [],
          "private": "eyJlMmJmYjczMC1lY2FhLTExZTYtOGY4OC0zNDM2M2JjN2M0YzAiOnsiY3JlYXRlIjo2MDAwMDAwMDAwMDAsImRlbGV0ZSI6MTIwMDAwMDAwMDAwMCwidXBkYXRlIjo2MDAwMDAwMDAwMDB9LCJzY2hlbWFfdmVyc2lvbiI6IjEifQ==",
          "dependencies": [
            "module.VPCA.aws_security_group.VPC1_web_sg",
            "module.VPCA.aws_subnet.private_data_subnet_az1",
            "module.VPCA.aws_vpc.vpc1",
            "module.VPCA.data.aws_availability_zones.available_zones"
          ]
        }
      ]
    },
    {
      "module": "module.VPCA",
      "mode": "managed",
      "type": "aws_route",
      "name": "vpc1_edge_tgw_access",
      "provider": "provider[\"registry.terraform.io/hashicorp/aws\"]",
      "instances": [
        {
          "schema_version": 0,
          "attributes": {
            "carrier_gateway_id": "",
            "core_network_arn": "",
            "destination_cidr_block": "10.0.0.0/8",
            "destination_ipv6_cidr_block": "",
            "destination_prefix_list_id": "",
            "egress_only_gateway_id": "",
            "gateway_id": "",
            "id": "r-rtb-0ba3ed98acbdfe2173423270202",
            "instance_id": "",
            "instance_owner_id": "",
            "local_gateway_id": "",
            "nat_gateway_id": "",
            "network_interface_id": "",
            "origin": "CreateRoute",
            "route_table_id": "rtb-0ba3ed98acbdfe217",
            "state": "blackhole",
            "timeouts": null,
            "transit_gateway_id": "tgw-0f9f3c03e503f2a5d",
            "vpc_endpoint_id": "",
            "vpc_peering_connection_id": ""
          },
          "sensitive_attributes": [],
          "private": "eyJlMmJmYjczMC1lY2FhLTExZTYtOGY4OC0zNDM2M2JjN2M0YzAiOnsiY3JlYXRlIjozMDAwMDAwMDAwMDAsImRlbGV0ZSI6MzAwMDAwMDAwMDAwLCJ1cGRhdGUiOjEyMDAwMDAwMDAwMH19",
          "dependencies": [
            "module.VPCA.aws_route_table.VPC1_prv_rt",
            "module.VPCA.aws_vpc.vpc1",
            "module.transitGW.aws_ec2_transit_gateway.demo_tgw"
          ]
        }
      ]
    },
    {
      "module": "module.VPCA",
      "mode": "managed",
      "type": "aws_route",
      "name": "vpc1_internet_access",
      "provider": "provider[\"registry.terraform.io/hashicorp/aws\"]",
      "instances": [
        {
          "schema_version": 0,
          "attributes": {
            "carrier_gateway_id": "",
            "core_network_arn": "",
            "destination_cidr_block": "0.0.0.0/0",
            "destination_ipv6_cidr_block": "",
            "destination_prefix_list_id": "",
            "egress_only_gateway_id": "",
            "gateway_id": "",
            "id": "r-rtb-0ba3ed98acbdfe2171080289494",
            "instance_id": "",
            "instance_owner_id": "",
            "local_gateway_id": "",
            "nat_gateway_id": "",
            "network_interface_id": "",
            "origin": "CreateRoute",
            "route_table_id": "rtb-0ba3ed98acbdfe217",
            "state": "blackhole",
            "timeouts": null,
            "transit_gateway_id": "tgw-0f9f3c03e503f2a5d",
            "vpc_endpoint_id": "",
            "vpc_peering_connection_id": ""
          },
          "sensitive_attributes": [],
          "private": "eyJlMmJmYjczMC1lY2FhLTExZTYtOGY4OC0zNDM2M2JjN2M0YzAiOnsiY3JlYXRlIjozMDAwMDAwMDAwMDAsImRlbGV0ZSI6MzAwMDAwMDAwMDAwLCJ1cGRhdGUiOjEyMDAwMDAwMDAwMH19",
          "dependencies": [
            "module.VPCA.aws_route_table.VPC1_prv_rt",
            "module.VPCA.aws_vpc.vpc1",
            "module.transitGW.aws_ec2_transit_gateway.demo_tgw"
          ]
        }
      ]
    },
    {
      "module": "module.VPCA",
      "mode": "managed",
      "type": "aws_route_table",
      "name": "VPC1_prv_rt",
      "provider": "provider[\"registry.terraform.io/hashicorp/aws\"]",
      "instances": [
        {
          "schema_version": 0,
          "attributes": {
            "arn": "arn:aws:ec2:us-east-1:999841755538:route-table/rtb-0ba3ed98acbdfe217",
            "id": "rtb-0ba3ed98acbdfe217",
            "owner_id": "999841755538",
            "propagating_vgws": [],
            "route": [],
            "tags": null,
            "tags_all": {},
            "timeouts": null,
            "vpc_id": "vpc-0622f4b90bfb5ae8e"
          },
          "sensitive_attributes": [],
          "private": "eyJlMmJmYjczMC1lY2FhLTExZTYtOGY4OC0zNDM2M2JjN2M0YzAiOnsiY3JlYXRlIjozMDAwMDAwMDAwMDAsImRlbGV0ZSI6MzAwMDAwMDAwMDAwLCJ1cGRhdGUiOjEyMDAwMDAwMDAwMH19",
          "dependencies": [
            "module.VPCA.aws_vpc.vpc1"
          ]
        }
      ]
    },
    {
      "module": "module.VPCA",
      "mode": "managed",
      "type": "aws_route_table_association",
      "name": "PC1_prv_sub_2_association",
      "provider": "provider[\"registry.terraform.io/hashicorp/aws\"]",
      "instances": [
        {
          "schema_version": 0,
          "attributes": {
            "gateway_id": "",
            "id": "rtbassoc-0595bce9d458389a1",
            "route_table_id": "rtb-0ba3ed98acbdfe217",
            "subnet_id": "subnet-0a6eee19c058e9b43"
          },
          "sensitive_attributes": [],
          "private": "bnVsbA==",
          "dependencies": [
            "module.VPCA.aws_route_table.VPC1_prv_rt",
            "module.VPCA.aws_subnet.private_data_subnet_az2",
            "module.VPCA.aws_vpc.vpc1",
            "module.VPCA.data.aws_availability_zones.available_zones"
          ]
        }
      ]
    },
    {
      "module": "module.VPCA",
      "mode": "managed",
      "type": "aws_route_table_association",
      "name": "VPC1_prv_sub_1_association",
      "provider": "provider[\"registry.terraform.io/hashicorp/aws\"]",
      "instances": [
        {
          "schema_version": 0,
          "attributes": {
            "gateway_id": "",
            "id": "rtbassoc-07c4f172d7c6930bf",
            "route_table_id": "rtb-0ba3ed98acbdfe217",
            "subnet_id": "subnet-0969a553d5689bf4c"
          },
          "sensitive_attributes": [],
          "private": "bnVsbA==",
          "dependencies": [
            "module.VPCA.aws_route_table.VPC1_prv_rt",
            "module.VPCA.aws_subnet.private_data_subnet_az1",
            "module.VPCA.aws_vpc.vpc1",
            "module.VPCA.data.aws_availability_zones.available_zones"
          ]
        }
      ]
    },
    {
      "module": "module.VPCA",
      "mode": "managed",
      "type": "aws_security_group",
      "name": "VPC1_web_sg",
      "provider": "provider[\"registry.terraform.io/hashicorp/aws\"]",
      "instances": [
        {
          "schema_version": 1,
          "attributes": {
            "arn": "arn:aws:ec2:us-east-1:999841755538:security-group/sg-080302a3addf78e56",
            "description": "VPC1_web_sg",
            "egress": [
              {
                "cidr_blocks": [
                  "0.0.0.0/0"
                ],
                "description": "",
                "from_port": 0,
                "ipv6_cidr_blocks": [],
                "prefix_list_ids": [],
                "protocol": "-1",
                "security_groups": [],
                "self": false,
                "to_port": 0
              }
            ],
            "id": "sg-080302a3addf78e56",
            "ingress": [
              {
                "cidr_blocks": [
                  "0.0.0.0/0"
                ],
                "description": "",
                "from_port": 443,
                "ipv6_cidr_blocks": [],
                "prefix_list_ids": [],
                "protocol": "tcp",
                "security_groups": [],
                "self": false,
                "to_port": 443
              },
              {
                "cidr_blocks": [
                  "0.0.0.0/0"
                ],
                "description": "",
                "from_port": 80,
                "ipv6_cidr_blocks": [],
                "prefix_list_ids": [],
                "protocol": "tcp",
                "security_groups": [],
                "self": false,
                "to_port": 80
              },
              {
                "cidr_blocks": [
                  "0.0.0.0/0"
                ],
                "description": "",
                "from_port": 8,
                "ipv6_cidr_blocks": [],
                "prefix_list_ids": [],
                "protocol": "icmp",
                "security_groups": [],
                "self": false,
                "to_port": 0
              },
              {
                "cidr_blocks": [
                  "10.0.0.0/8"
                ],
                "description": "",
                "from_port": 22,
                "ipv6_cidr_blocks": [],
                "prefix_list_ids": [],
                "protocol": "tcp",
                "security_groups": [],
                "self": false,
                "to_port": 22
              }
            ],
            "name": "VPC1_web_sg",
            "name_prefix": "",
            "owner_id": "999841755538",
            "revoke_rules_on_delete": false,
            "tags": null,
            "tags_all": {},
            "timeouts": null,
            "vpc_id": "vpc-0622f4b90bfb5ae8e"
          },
          "sensitive_attributes": [],
          "private": "eyJlMmJmYjczMC1lY2FhLTExZTYtOGY4OC0zNDM2M2JjN2M0YzAiOnsiY3JlYXRlIjo2MDAwMDAwMDAwMDAsImRlbGV0ZSI6OTAwMDAwMDAwMDAwfSwic2NoZW1hX3ZlcnNpb24iOiIxIn0=",
          "dependencies": [
            "module.VPCA.aws_vpc.vpc1"
          ]
        }
      ]
    },
    {
      "module": "module.VPCA",
      "mode": "managed",
      "type": "aws_subnet",
      "name": "private_data_subnet_az1",
      "provider": "provider[\"registry.terraform.io/hashicorp/aws\"]",
      "instances": [
        {
          "schema_version": 1,
          "attributes": {
            "arn": "arn:aws:ec2:us-east-1:999841755538:subnet/subnet-0969a553d5689bf4c",
            "assign_ipv6_address_on_creation": false,
            "availability_zone": "us-east-1b",
            "availability_zone_id": "use1-az4",
            "cidr_block": "10.20.1.0/24",
            "customer_owned_ipv4_pool": "",
            "enable_dns64": false,
            "enable_resource_name_dns_a_record_on_launch": false,
            "enable_resource_name_dns_aaaa_record_on_launch": false,
            "id": "subnet-0969a553d5689bf4c",
            "ipv6_cidr_block": "",
            "ipv6_cidr_block_association_id": "",
            "ipv6_native": false,
            "map_customer_owned_ip_on_launch": false,
            "map_public_ip_on_launch": false,
            "outpost_arn": "",
            "owner_id": "999841755538",
            "private_dns_hostname_type_on_launch": "ip-name",
            "tags": {
              "Name": "private subnet1 vpc1"
            },
            "tags_all": {
              "Name": "private subnet1 vpc1"
            },
            "timeouts": null,
            "vpc_id": "vpc-0622f4b90bfb5ae8e"
          },
          "sensitive_attributes": [],
          "private": "eyJlMmJmYjczMC1lY2FhLTExZTYtOGY4OC0zNDM2M2JjN2M0YzAiOnsiY3JlYXRlIjo2MDAwMDAwMDAwMDAsImRlbGV0ZSI6MTIwMDAwMDAwMDAwMH0sInNjaGVtYV92ZXJzaW9uIjoiMSJ9",
          "dependencies": [
            "module.VPCA.aws_vpc.vpc1",
            "module.VPCA.data.aws_availability_zones.available_zones"
          ]
        }
      ]
    },
    {
      "module": "module.VPCA",
      "mode": "managed",
      "type": "aws_subnet",
      "name": "private_data_subnet_az2",
      "provider": "provider[\"registry.terraform.io/hashicorp/aws\"]",
      "instances": [
        {
          "schema_version": 1,
          "attributes": {
            "arn": "arn:aws:ec2:us-east-1:999841755538:subnet/subnet-0a6eee19c058e9b43",
            "assign_ipv6_address_on_creation": false,
            "availability_zone": "us-east-1c",
            "availability_zone_id": "use1-az6",
            "cidr_block": "10.20.3.0/24",
            "customer_owned_ipv4_pool": "",
            "enable_dns64": false,
            "enable_resource_name_dns_a_record_on_launch": false,
            "enable_resource_name_dns_aaaa_record_on_launch": false,
            "id": "subnet-0a6eee19c058e9b43",
            "ipv6_cidr_block": "",
            "ipv6_cidr_block_association_id": "",
            "ipv6_native": false,
            "map_customer_owned_ip_on_launch": false,
            "map_public_ip_on_launch": false,
            "outpost_arn": "",
            "owner_id": "999841755538",
            "private_dns_hostname_type_on_launch": "ip-name",
            "tags": {
              "Name": "private subnet2 vpc1"
            },
            "tags_all": {
              "Name": "private subnet2 vpc1"
            },
            "timeouts": null,
            "vpc_id": "vpc-0622f4b90bfb5ae8e"
          },
          "sensitive_attributes": [],
          "private": "eyJlMmJmYjczMC1lY2FhLTExZTYtOGY4OC0zNDM2M2JjN2M0YzAiOnsiY3JlYXRlIjo2MDAwMDAwMDAwMDAsImRlbGV0ZSI6MTIwMDAwMDAwMDAwMH0sInNjaGVtYV92ZXJzaW9uIjoiMSJ9",
          "dependencies": [
            "module.VPCA.aws_vpc.vpc1",
            "module.VPCA.data.aws_availability_zones.available_zones"
          ]
        }
      ]
    },
    {
      "module": "module.VPCA",
      "mode": "managed",
      "type": "aws_vpc",
      "name": "vpc1",
      "provider": "provider[\"registry.terraform.io/hashicorp/aws\"]",
      "instances": [
        {
          "schema_version": 1,
          "attributes": {
            "arn": "arn:aws:ec2:us-east-1:999841755538:vpc/vpc-0622f4b90bfb5ae8e",
            "assign_generated_ipv6_cidr_block": false,
            "cidr_block": "10.20.0.0/16",
            "default_network_acl_id": "acl-097502309da2c6d97",
            "default_route_table_id": "rtb-080b59e36e2999727",
            "default_security_group_id": "sg-0ac6659dd79761b48",
            "dhcp_options_id": "dopt-078447ebb5da02506",
            "enable_classiclink": false,
            "enable_classiclink_dns_support": false,
            "enable_dns_hostnames": true,
            "enable_dns_support": true,
            "enable_network_address_usage_metrics": false,
            "id": "vpc-0622f4b90bfb5ae8e",
            "instance_tenancy": "default",
            "ipv4_ipam_pool_id": null,
            "ipv4_netmask_length": null,
            "ipv6_association_id": "",
            "ipv6_cidr_block": "",
            "ipv6_cidr_block_network_border_group": "",
            "ipv6_ipam_pool_id": "",
            "ipv6_netmask_length": 0,
            "main_route_table_id": "rtb-080b59e36e2999727",
            "owner_id": "999841755538",
            "tags": {
              "Name": "vpc1"
            },
            "tags_all": {
              "Name": "vpc1"
            }
          },
          "sensitive_attributes": [],
          "private": "eyJzY2hlbWFfdmVyc2lvbiI6IjEifQ=="
        }
      ]
    },
    {
      "module": "module.VPCB",
      "mode": "data",
      "type": "aws_availability_zones",
      "name": "available_zones",
      "provider": "provider[\"registry.terraform.io/hashicorp/aws\"]",
      "instances": [
        {
          "schema_version": 0,
          "attributes": {
            "all_availability_zones": null,
            "exclude_names": null,
            "exclude_zone_ids": null,
            "filter": null,
            "group_names": [
              "us-east-1"
            ],
            "id": "us-east-1",
            "names": [
              "us-east-1a",
              "us-east-1b",
              "us-east-1c",
              "us-east-1d",
              "us-east-1e",
              "us-east-1f"
            ],
            "state": null,
            "timeouts": null,
            "zone_ids": [
              "use1-az2",
              "use1-az4",
              "use1-az6",
              "use1-az1",
              "use1-az3",
              "use1-az5"
            ]
          },
          "sensitive_attributes": []
        }
      ]
    },
    {
      "module": "module.VPCB",
      "mode": "managed",
      "type": "aws_ec2_transit_gateway_vpc_attachment",
      "name": "tgw_attach_VPC2",
      "provider": "provider[\"registry.terraform.io/hashicorp/aws\"]",
      "instances": [
        {
          "schema_version": 0,
          "attributes": {
            "appliance_mode_support": "disable",
            "dns_support": "enable",
            "id": "tgw-attach-0f46fef8981558b07",
            "ipv6_support": "disable",
            "subnet_ids": [
              "subnet-05269bd99b62ec7cf"
            ],
            "tags": null,
            "tags_all": {},
            "transit_gateway_default_route_table_association": true,
            "transit_gateway_default_route_table_propagation": true,
            "transit_gateway_id": "tgw-0f9f3c03e503f2a5d",
            "vpc_id": "vpc-0536ab2f1c4b4611e",
            "vpc_owner_id": "999841755538"
          },
          "sensitive_attributes": [],
          "private": "bnVsbA==",
          "dependencies": [
            "module.VPCB.aws_subnet.private_data_subnet_az1",
            "module.VPCB.aws_vpc.vpc2",
            "module.VPCB.data.aws_availability_zones.available_zones",
            "module.transitGW.aws_ec2_transit_gateway.demo_tgw"
          ]
        }
      ]
    },
    {
      "module": "module.VPCB",
      "mode": "managed",
      "type": "aws_instance",
      "name": "VPC2_web1",
      "provider": "provider[\"registry.terraform.io/hashicorp/aws\"]",
      "instances": [
        {
          "schema_version": 1,
          "attributes": {
            "ami": "ami-0aa7d40eeae50c9a9",
            "arn": "arn:aws:ec2:us-east-1:999841755538:instance/i-0ba595a746d6d7ca4",
            "associate_public_ip_address": false,
            "availability_zone": "us-east-1b",
            "capacity_reservation_specification": [
              {
                "capacity_reservation_preference": "open",
                "capacity_reservation_target": []
              }
            ],
            "cpu_core_count": 1,
            "cpu_threads_per_core": 1,
            "credit_specification": [
              {
                "cpu_credits": "standard"
              }
            ],
            "disable_api_stop": false,
            "disable_api_termination": false,
            "ebs_block_device": [],
            "ebs_optimized": false,
            "enclave_options": [
              {
                "enabled": false
              }
            ],
            "ephemeral_block_device": [],
            "get_password_data": false,
            "hibernation": false,
            "host_id": "",
            "host_resource_group_arn": null,
            "iam_instance_profile": "",
            "id": "i-0ba595a746d6d7ca4",
            "instance_initiated_shutdown_behavior": "stop",
            "instance_state": "running",
            "instance_type": "t2.micro",
            "ipv6_address_count": 0,
            "ipv6_addresses": [],
            "key_name": "vinhkey",
            "launch_template": [],
            "maintenance_options": [
              {
                "auto_recovery": "default"
              }
            ],
            "metadata_options": [
              {
                "http_endpoint": "enabled",
                "http_put_response_hop_limit": 1,
                "http_tokens": "optional",
                "instance_metadata_tags": "disabled"
              }
            ],
            "monitoring": false,
            "network_interface": [],
            "outpost_arn": "",
            "password_data": "",
            "placement_group": "",
            "placement_partition_number": 0,
            "primary_network_interface_id": "eni-0a332cb2caeae7d28",
            "private_dns": "ip-10-10-1-20.ec2.internal",
            "private_dns_name_options": [
              {
                "enable_resource_name_dns_a_record": false,
                "enable_resource_name_dns_aaaa_record": false,
                "hostname_type": "ip-name"
              }
            ],
            "private_ip": "10.10.1.20",
            "public_dns": "",
            "public_ip": "",
            "root_block_device": [
              {
                "delete_on_termination": true,
                "device_name": "/dev/xvda",
                "encrypted": false,
                "iops": 100,
                "kms_key_id": "",
                "tags": {},
                "throughput": 0,
                "volume_id": "vol-04a3612688a8b6970",
                "volume_size": 8,
                "volume_type": "gp2"
              }
            ],
            "secondary_private_ips": [],
            "security_groups": [],
            "source_dest_check": true,
            "subnet_id": "subnet-05269bd99b62ec7cf",
            "tags": {
              "Name": "VPC2_Web_Server_1"
            },
            "tags_all": {
              "Name": "VPC2_Web_Server_1"
            },
            "tenancy": "default",
            "timeouts": null,
            "user_data": null,
            "user_data_base64": null,
            "user_data_replace_on_change": false,
            "volume_tags": null,
            "vpc_security_group_ids": [
              "sg-0eb3c857fc20ab460"
            ]
          },
          "sensitive_attributes": [],
          "private": "eyJlMmJmYjczMC1lY2FhLTExZTYtOGY4OC0zNDM2M2JjN2M0YzAiOnsiY3JlYXRlIjo2MDAwMDAwMDAwMDAsImRlbGV0ZSI6MTIwMDAwMDAwMDAwMCwidXBkYXRlIjo2MDAwMDAwMDAwMDB9LCJzY2hlbWFfdmVyc2lvbiI6IjEifQ==",
          "dependencies": [
            "module.VPCB.aws_security_group.VPC2_web_sg",
            "module.VPCB.aws_subnet.private_data_subnet_az1",
            "module.VPCB.aws_vpc.vpc2",
            "module.VPCB.data.aws_availability_zones.available_zones"
          ]
        }
      ]
    },
    {
      "module": "module.VPCB",
      "mode": "managed",
      "type": "aws_route",
      "name": "vpc2_internet_access",
      "provider": "provider[\"registry.terraform.io/hashicorp/aws\"]",
      "instances": [
        {
          "schema_version": 0,
          "attributes": {
            "carrier_gateway_id": "",
            "core_network_arn": "",
            "destination_cidr_block": "0.0.0.0/0",
            "destination_ipv6_cidr_block": "",
            "destination_prefix_list_id": "",
            "egress_only_gateway_id": "",
            "gateway_id": "",
            "id": "r-rtb-0d12c81a4cbe8d1071080289494",
            "instance_id": "",
            "instance_owner_id": "",
            "local_gateway_id": "",
            "nat_gateway_id": "",
            "network_interface_id": "",
            "origin": "CreateRoute",
            "route_table_id": "rtb-0d12c81a4cbe8d107",
            "state": "blackhole",
            "timeouts": null,
            "transit_gateway_id": "tgw-0f9f3c03e503f2a5d",
            "vpc_endpoint_id": "",
            "vpc_peering_connection_id": ""
          },
          "sensitive_attributes": [],
          "private": "eyJlMmJmYjczMC1lY2FhLTExZTYtOGY4OC0zNDM2M2JjN2M0YzAiOnsiY3JlYXRlIjozMDAwMDAwMDAwMDAsImRlbGV0ZSI6MzAwMDAwMDAwMDAwLCJ1cGRhdGUiOjEyMDAwMDAwMDAwMH19",
          "dependencies": [
            "module.VPCB.aws_route_table.VPC2_prv_rt",
            "module.VPCB.aws_vpc.vpc2",
            "module.transitGW.aws_ec2_transit_gateway.demo_tgw"
          ]
        }
      ]
    },
    {
      "module": "module.VPCB",
      "mode": "managed",
      "type": "aws_route",
      "name": "vpc2_tgw_access",
      "provider": "provider[\"registry.terraform.io/hashicorp/aws\"]",
      "instances": [
        {
          "schema_version": 0,
          "attributes": {
            "carrier_gateway_id": "",
            "core_network_arn": "",
            "destination_cidr_block": "10.0.0.0/8",
            "destination_ipv6_cidr_block": "",
            "destination_prefix_list_id": "",
            "egress_only_gateway_id": "",
            "gateway_id": "",
            "id": "r-rtb-0d12c81a4cbe8d1073423270202",
            "instance_id": "",
            "instance_owner_id": "",
            "local_gateway_id": "",
            "nat_gateway_id": "",
            "network_interface_id": "",
            "origin": "CreateRoute",
            "route_table_id": "rtb-0d12c81a4cbe8d107",
            "state": "blackhole",
            "timeouts": null,
            "transit_gateway_id": "tgw-0f9f3c03e503f2a5d",
            "vpc_endpoint_id": "",
            "vpc_peering_connection_id": ""
          },
          "sensitive_attributes": [],
          "private": "eyJlMmJmYjczMC1lY2FhLTExZTYtOGY4OC0zNDM2M2JjN2M0YzAiOnsiY3JlYXRlIjozMDAwMDAwMDAwMDAsImRlbGV0ZSI6MzAwMDAwMDAwMDAwLCJ1cGRhdGUiOjEyMDAwMDAwMDAwMH19",
          "dependencies": [
            "module.VPCB.aws_route_table.VPC2_prv_rt",
            "module.VPCB.aws_vpc.vpc2",
            "module.transitGW.aws_ec2_transit_gateway.demo_tgw"
          ]
        }
      ]
    },
    {
      "module": "module.VPCB",
      "mode": "managed",
      "type": "aws_route_table",
      "name": "VPC2_prv_rt",
      "provider": "provider[\"registry.terraform.io/hashicorp/aws\"]",
      "instances": [
        {
          "schema_version": 0,
          "attributes": {
            "arn": "arn:aws:ec2:us-east-1:999841755538:route-table/rtb-0d12c81a4cbe8d107",
            "id": "rtb-0d12c81a4cbe8d107",
            "owner_id": "999841755538",
            "propagating_vgws": [],
            "route": [],
            "tags": null,
            "tags_all": {},
            "timeouts": null,
            "vpc_id": "vpc-0536ab2f1c4b4611e"
          },
          "sensitive_attributes": [],
          "private": "eyJlMmJmYjczMC1lY2FhLTExZTYtOGY4OC0zNDM2M2JjN2M0YzAiOnsiY3JlYXRlIjozMDAwMDAwMDAwMDAsImRlbGV0ZSI6MzAwMDAwMDAwMDAwLCJ1cGRhdGUiOjEyMDAwMDAwMDAwMH19",
          "dependencies": [
            "module.VPCB.aws_vpc.vpc2"
          ]
        }
      ]
    },
    {
      "module": "module.VPCB",
      "mode": "managed",
      "type": "aws_route_table_association",
      "name": "VPC2_prv_sub_1_association",
      "provider": "provider[\"registry.terraform.io/hashicorp/aws\"]",
      "instances": [
        {
          "schema_version": 0,
          "attributes": {
            "gateway_id": "",
            "id": "rtbassoc-06f896b4558939825",
            "route_table_id": "rtb-0d12c81a4cbe8d107",
            "subnet_id": "subnet-05269bd99b62ec7cf"
          },
          "sensitive_attributes": [],
          "private": "bnVsbA==",
          "dependencies": [
            "module.VPCB.aws_route_table.VPC2_prv_rt",
            "module.VPCB.aws_subnet.private_data_subnet_az1",
            "module.VPCB.aws_vpc.vpc2",
            "module.VPCB.data.aws_availability_zones.available_zones"
          ]
        }
      ]
    },
    {
      "module": "module.VPCB",
      "mode": "managed",
      "type": "aws_route_table_association",
      "name": "VPC2_prv_sub_2_association",
      "provider": "provider[\"registry.terraform.io/hashicorp/aws\"]",
      "instances": [
        {
          "schema_version": 0,
          "attributes": {
            "gateway_id": "",
            "id": "rtbassoc-0b9f436632137ec60",
            "route_table_id": "rtb-0d12c81a4cbe8d107",
            "subnet_id": "subnet-0277c07fef42de72b"
          },
          "sensitive_attributes": [],
          "private": "bnVsbA==",
          "dependencies": [
            "module.VPCB.aws_route_table.VPC2_prv_rt",
            "module.VPCB.aws_subnet.private_data_subnet_az2",
            "module.VPCB.aws_vpc.vpc2",
            "module.VPCB.data.aws_availability_zones.available_zones"
          ]
        }
      ]
    },
    {
      "module": "module.VPCB",
      "mode": "managed",
      "type": "aws_security_group",
      "name": "VPC2_web_sg",
      "provider": "provider[\"registry.terraform.io/hashicorp/aws\"]",
      "instances": [
        {
          "schema_version": 1,
          "attributes": {
            "arn": "arn:aws:ec2:us-east-1:999841755538:security-group/sg-0eb3c857fc20ab460",
            "description": "VPC2_web_sg",
            "egress": [
              {
                "cidr_blocks": [
                  "0.0.0.0/0"
                ],
                "description": "",
                "from_port": 0,
                "ipv6_cidr_blocks": [],
                "prefix_list_ids": [],
                "protocol": "-1",
                "security_groups": [],
                "self": false,
                "to_port": 0
              }
            ],
            "id": "sg-0eb3c857fc20ab460",
            "ingress": [
              {
                "cidr_blocks": [
                  "0.0.0.0/0"
                ],
                "description": "",
                "from_port": 443,
                "ipv6_cidr_blocks": [],
                "prefix_list_ids": [],
                "protocol": "tcp",
                "security_groups": [],
                "self": false,
                "to_port": 443
              },
              {
                "cidr_blocks": [
                  "0.0.0.0/0"
                ],
                "description": "",
                "from_port": 80,
                "ipv6_cidr_blocks": [],
                "prefix_list_ids": [],
                "protocol": "tcp",
                "security_groups": [],
                "self": false,
                "to_port": 80
              },
              {
                "cidr_blocks": [
                  "0.0.0.0/0"
                ],
                "description": "",
                "from_port": 8,
                "ipv6_cidr_blocks": [],
                "prefix_list_ids": [],
                "protocol": "icmp",
                "security_groups": [],
                "self": false,
                "to_port": 0
              },
              {
                "cidr_blocks": [
                  "10.0.0.0/8"
                ],
                "description": "",
                "from_port": 22,
                "ipv6_cidr_blocks": [],
                "prefix_list_ids": [],
                "protocol": "tcp",
                "security_groups": [],
                "self": false,
                "to_port": 22
              }
            ],
            "name": "VPC2_web_sg",
            "name_prefix": "",
            "owner_id": "999841755538",
            "revoke_rules_on_delete": false,
            "tags": null,
            "tags_all": {},
            "timeouts": null,
            "vpc_id": "vpc-0536ab2f1c4b4611e"
          },
          "sensitive_attributes": [],
          "private": "eyJlMmJmYjczMC1lY2FhLTExZTYtOGY4OC0zNDM2M2JjN2M0YzAiOnsiY3JlYXRlIjo2MDAwMDAwMDAwMDAsImRlbGV0ZSI6OTAwMDAwMDAwMDAwfSwic2NoZW1hX3ZlcnNpb24iOiIxIn0=",
          "dependencies": [
            "module.VPCB.aws_vpc.vpc2"
          ]
        }
      ]
    },
    {
      "module": "module.VPCB",
      "mode": "managed",
      "type": "aws_subnet",
      "name": "private_data_subnet_az1",
      "provider": "provider[\"registry.terraform.io/hashicorp/aws\"]",
      "instances": [
        {
          "schema_version": 1,
          "attributes": {
            "arn": "arn:aws:ec2:us-east-1:999841755538:subnet/subnet-05269bd99b62ec7cf",
            "assign_ipv6_address_on_creation": false,
            "availability_zone": "us-east-1b",
            "availability_zone_id": "use1-az4",
            "cidr_block": "10.10.1.0/24",
            "customer_owned_ipv4_pool": "",
            "enable_dns64": false,
            "enable_resource_name_dns_a_record_on_launch": false,
            "enable_resource_name_dns_aaaa_record_on_launch": false,
            "id": "subnet-05269bd99b62ec7cf",
            "ipv6_cidr_block": "",
            "ipv6_cidr_block_association_id": "",
            "ipv6_native": false,
            "map_customer_owned_ip_on_launch": false,
            "map_public_ip_on_launch": false,
            "outpost_arn": "",
            "owner_id": "999841755538",
            "private_dns_hostname_type_on_launch": "ip-name",
            "tags": {
              "Name": "private subnet1"
            },
            "tags_all": {
              "Name": "private subnet1"
            },
            "timeouts": null,
            "vpc_id": "vpc-0536ab2f1c4b4611e"
          },
          "sensitive_attributes": [],
          "private": "eyJlMmJmYjczMC1lY2FhLTExZTYtOGY4OC0zNDM2M2JjN2M0YzAiOnsiY3JlYXRlIjo2MDAwMDAwMDAwMDAsImRlbGV0ZSI6MTIwMDAwMDAwMDAwMH0sInNjaGVtYV92ZXJzaW9uIjoiMSJ9",
          "dependencies": [
            "module.VPCB.aws_vpc.vpc2",
            "module.VPCB.data.aws_availability_zones.available_zones"
          ]
        }
      ]
    },
    {
      "module": "module.VPCB",
      "mode": "managed",
      "type": "aws_subnet",
      "name": "private_data_subnet_az2",
      "provider": "provider[\"registry.terraform.io/hashicorp/aws\"]",
      "instances": [
        {
          "schema_version": 1,
          "attributes": {
            "arn": "arn:aws:ec2:us-east-1:999841755538:subnet/subnet-0277c07fef42de72b",
            "assign_ipv6_address_on_creation": false,
            "availability_zone": "us-east-1c",
            "availability_zone_id": "use1-az6",
            "cidr_block": "10.10.3.0/24",
            "customer_owned_ipv4_pool": "",
            "enable_dns64": false,
            "enable_resource_name_dns_a_record_on_launch": false,
            "enable_resource_name_dns_aaaa_record_on_launch": false,
            "id": "subnet-0277c07fef42de72b",
            "ipv6_cidr_block": "",
            "ipv6_cidr_block_association_id": "",
            "ipv6_native": false,
            "map_customer_owned_ip_on_launch": false,
            "map_public_ip_on_launch": false,
            "outpost_arn": "",
            "owner_id": "999841755538",
            "private_dns_hostname_type_on_launch": "ip-name",
            "tags": {
              "Name": "public subnet2"
            },
            "tags_all": {
              "Name": "public subnet2"
            },
            "timeouts": null,
            "vpc_id": "vpc-0536ab2f1c4b4611e"
          },
          "sensitive_attributes": [],
          "private": "eyJlMmJmYjczMC1lY2FhLTExZTYtOGY4OC0zNDM2M2JjN2M0YzAiOnsiY3JlYXRlIjo2MDAwMDAwMDAwMDAsImRlbGV0ZSI6MTIwMDAwMDAwMDAwMH0sInNjaGVtYV92ZXJzaW9uIjoiMSJ9",
          "dependencies": [
            "module.VPCB.aws_vpc.vpc2",
            "module.VPCB.data.aws_availability_zones.available_zones"
          ]
        }
      ]
    },
    {
      "module": "module.VPCB",
      "mode": "managed",
      "type": "aws_vpc",
      "name": "vpc2",
      "provider": "provider[\"registry.terraform.io/hashicorp/aws\"]",
      "instances": [
        {
          "schema_version": 1,
          "attributes": {
            "arn": "arn:aws:ec2:us-east-1:999841755538:vpc/vpc-0536ab2f1c4b4611e",
            "assign_generated_ipv6_cidr_block": false,
            "cidr_block": "10.10.0.0/16",
            "default_network_acl_id": "acl-09aecb1609fe6680f",
            "default_route_table_id": "rtb-082b7e0059013326f",
            "default_security_group_id": "sg-013a6af4f94f16c6c",
            "dhcp_options_id": "dopt-078447ebb5da02506",
            "enable_classiclink": false,
            "enable_classiclink_dns_support": false,
            "enable_dns_hostnames": true,
            "enable_dns_support": true,
            "enable_network_address_usage_metrics": false,
            "id": "vpc-0536ab2f1c4b4611e",
            "instance_tenancy": "default",
            "ipv4_ipam_pool_id": null,
            "ipv4_netmask_length": null,
            "ipv6_association_id": "",
            "ipv6_cidr_block": "",
            "ipv6_cidr_block_network_border_group": "",
            "ipv6_ipam_pool_id": "",
            "ipv6_netmask_length": 0,
            "main_route_table_id": "rtb-082b7e0059013326f",
            "owner_id": "999841755538",
            "tags": {
              "Name": "$vpc2"
            },
            "tags_all": {
              "Name": "$vpc2"
            }
          },
          "sensitive_attributes": [],
          "private": "eyJzY2hlbWFfdmVyc2lvbiI6IjEifQ=="
        }
      ]
    },
    {
      "module": "module.VPCC",
      "mode": "managed",
      "type": "aws_ec2_transit_gateway_vpc_attachment",
      "name": "tgw_attach_edge",
      "provider": "provider[\"registry.terraform.io/hashicorp/aws\"]",
      "instances": [
        {
          "schema_version": 0,
          "attributes": {
            "appliance_mode_support": "disable",
            "dns_support": "enable",
            "id": "tgw-attach-0217d795a89e12306",
            "ipv6_support": "disable",
            "subnet_ids": [
              "subnet-03005b1eaddef445c"
            ],
            "tags": null,
            "tags_all": {},
            "transit_gateway_default_route_table_association": true,
            "transit_gateway_default_route_table_propagation": true,
            "transit_gateway_id": "tgw-0f9f3c03e503f2a5d",
            "vpc_id": "vpc-02df1c26b0a773de7",
            "vpc_owner_id": "999841755538"
          },
          "sensitive_attributes": [],
          "private": "bnVsbA==",
          "dependencies": [
            "module.VPCC.aws_subnet.edge_external_subnet_1a",
            "module.VPCC.aws_vpc.vpc3",
            "module.transitGW.aws_ec2_transit_gateway.demo_tgw"
          ]
        }
      ]
    },
    {
      "module": "module.VPCC",
      "mode": "managed",
      "type": "aws_eip",
      "name": "NAT_EIP",
      "provider": "provider[\"registry.terraform.io/hashicorp/aws\"]",
      "instances": [
        {
          "schema_version": 0,
          "attributes": {
            "address": null,
            "allocation_id": "eipalloc-0622e4de088094539",
            "associate_with_private_ip": null,
            "association_id": "",
            "carrier_ip": "",
            "customer_owned_ip": "",
            "customer_owned_ipv4_pool": "",
            "domain": "vpc",
            "id": "eipalloc-0622e4de088094539",
            "instance": "",
            "network_border_group": "us-east-1",
            "network_interface": "",
            "private_dns": null,
            "private_ip": "",
            "public_dns": "ec2-54-146-198-224.compute-1.amazonaws.com",
            "public_ip": "54.146.198.224",
            "public_ipv4_pool": "amazon",
            "tags": null,
            "tags_all": {},
            "timeouts": null,
            "vpc": true
          },
          "sensitive_attributes": [],
          "private": "eyJlMmJmYjczMC1lY2FhLTExZTYtOGY4OC0zNDM2M2JjN2M0YzAiOnsiZGVsZXRlIjoxODAwMDAwMDAwMDAsInJlYWQiOjkwMDAwMDAwMDAwMCwidXBkYXRlIjozMDAwMDAwMDAwMDB9fQ=="
        }
      ]
    },
    {
      "module": "module.VPCC",
      "mode": "managed",
      "type": "aws_instance",
      "name": "vpc_edge_nat",
      "provider": "provider[\"registry.terraform.io/hashicorp/aws\"]",
      "instances": [
        {
          "schema_version": 1,
          "attributes": {
            "ami": "ami-0aa7d40eeae50c9a9",
            "arn": "arn:aws:ec2:us-east-1:999841755538:instance/i-08061c14532218e70",
            "associate_public_ip_address": true,
            "availability_zone": "us-east-1a",
            "capacity_reservation_specification": [
              {
                "capacity_reservation_preference": "open",
                "capacity_reservation_target": []
              }
            ],
            "cpu_core_count": 1,
            "cpu_threads_per_core": 1,
            "credit_specification": [
              {
                "cpu_credits": "standard"
              }
            ],
            "disable_api_stop": false,
            "disable_api_termination": false,
            "ebs_block_device": [],
            "ebs_optimized": false,
            "enclave_options": [
              {
                "enabled": false
              }
            ],
            "ephemeral_block_device": [],
            "get_password_data": false,
            "hibernation": false,
            "host_id": "",
            "host_resource_group_arn": null,
            "iam_instance_profile": "",
            "id": "i-08061c14532218e70",
            "instance_initiated_shutdown_behavior": "stop",
            "instance_state": "running",
            "instance_type": "t2.micro",
            "ipv6_address_count": 0,
            "ipv6_addresses": [],
            "key_name": "vinhkey",
            "launch_template": [],
            "maintenance_options": [
              {
                "auto_recovery": "default"
              }
            ],
            "metadata_options": [
              {
                "http_endpoint": "enabled",
                "http_put_response_hop_limit": 1,
                "http_tokens": "optional",
                "instance_metadata_tags": "disabled"
              }
            ],
            "monitoring": false,
            "network_interface": [],
            "outpost_arn": "",
            "password_data": "",
            "placement_group": "",
            "placement_partition_number": 0,
            "primary_network_interface_id": "eni-0c610b0ec7796565e",
            "private_dns": "ip-192-168-1-51.ec2.internal",
            "private_dns_name_options": [
              {
                "enable_resource_name_dns_a_record": false,
                "enable_resource_name_dns_aaaa_record": false,
                "hostname_type": "ip-name"
              }
            ],
            "private_ip": "192.168.1.51",
            "public_dns": "",
            "public_ip": "18.234.207.29",
            "root_block_device": [
              {
                "delete_on_termination": true,
                "device_name": "/dev/xvda",
                "encrypted": false,
                "iops": 100,
                "kms_key_id": "",
                "tags": {},
                "throughput": 0,
                "volume_id": "vol-0e03e5e9118268efe",
                "volume_size": 8,
                "volume_type": "gp2"
              }
            ],
            "secondary_private_ips": [],
            "security_groups": [],
            "source_dest_check": true,
            "subnet_id": "subnet-03005b1eaddef445c",
            "tags": {
              "Name": "vpc_edge_NAT_Instance"
            },
            "tags_all": {
              "Name": "vpc_edge_NAT_Instance"
            },
            "tenancy": "default",
            "timeouts": null,
            "user_data": null,
            "user_data_base64": null,
            "user_data_replace_on_change": false,
            "volume_tags": null,
            "vpc_security_group_ids": [
              "sg-0b44fbd03ebae8a45"
            ]
          },
          "sensitive_attributes": [],
          "private": "eyJlMmJmYjczMC1lY2FhLTExZTYtOGY4OC0zNDM2M2JjN2M0YzAiOnsiY3JlYXRlIjo2MDAwMDAwMDAwMDAsImRlbGV0ZSI6MTIwMDAwMDAwMDAwMCwidXBkYXRlIjo2MDAwMDAwMDAwMDB9LCJzY2hlbWFfdmVyc2lvbiI6IjEifQ==",
          "dependencies": [
            "module.VPCC.aws_subnet.edge_external_subnet_1a",
            "module.VPCC.aws_vpc.vpc3"
          ]
        }
      ]
    },
    {
      "module": "module.VPCC",
      "mode": "managed",
      "type": "aws_internet_gateway",
      "name": "edge_vpc_igw",
      "provider": "provider[\"registry.terraform.io/hashicorp/aws\"]",
      "instances": [
        {
          "schema_version": 0,
          "attributes": {
            "arn": "arn:aws:ec2:us-east-1:999841755538:internet-gateway/igw-080e3f18a10534ffe",
            "id": "igw-080e3f18a10534ffe",
            "owner_id": "999841755538",
            "tags": null,
            "tags_all": {},
            "timeouts": null,
            "vpc_id": "vpc-02df1c26b0a773de7"
          },
          "sensitive_attributes": [],
          "private": "eyJlMmJmYjczMC1lY2FhLTExZTYtOGY4OC0zNDM2M2JjN2M0YzAiOnsiY3JlYXRlIjoxMjAwMDAwMDAwMDAwLCJkZWxldGUiOjEyMDAwMDAwMDAwMDAsInVwZGF0ZSI6MTIwMDAwMDAwMDAwMH19",
          "dependencies": [
            "module.VPCC.aws_vpc.vpc3"
          ]
        }
      ]
    },
    {
      "module": "module.VPCC",
      "mode": "managed",
      "type": "aws_nat_gateway",
      "name": "NATGW",
      "provider": "provider[\"registry.terraform.io/hashicorp/aws\"]",
      "instances": [
        {
          "schema_version": 0,
          "attributes": {
            "allocation_id": "eipalloc-0622e4de088094539",
            "connectivity_type": "public",
            "id": "nat-06d1ed0746f4725de",
            "network_interface_id": "eni-0143e1643e69e5241",
            "private_ip": "192.168.1.77",
            "public_ip": "54.146.198.224",
            "subnet_id": "subnet-03005b1eaddef445c",
            "tags": null,
            "tags_all": {}
          },
          "sensitive_attributes": [],
          "private": "bnVsbA==",
          "dependencies": [
            "module.VPCC.aws_eip.NAT_EIP",
            "module.VPCC.aws_subnet.edge_external_subnet_1a",
            "module.VPCC.aws_vpc.vpc3"
          ]
        }
      ]
    },
    {
      "module": "module.VPCC",
      "mode": "managed",
      "type": "aws_route_table",
      "name": "edge_internal_rt",
      "provider": "provider[\"registry.terraform.io/hashicorp/aws\"]",
      "instances": [
        {
          "schema_version": 0,
          "attributes": {
            "arn": "arn:aws:ec2:us-east-1:999841755538:route-table/rtb-017dbadf1fd71d4ed",
            "id": "rtb-017dbadf1fd71d4ed",
            "owner_id": "999841755538",
            "propagating_vgws": [],
            "route": [
              {
                "carrier_gateway_id": "",
                "cidr_block": "0.0.0.0/0",
                "core_network_arn": "",
                "destination_prefix_list_id": "",
                "egress_only_gateway_id": "",
                "gateway_id": "",
                "instance_id": "",
                "ipv6_cidr_block": "",
                "local_gateway_id": "",
                "nat_gateway_id": "nat-06d1ed0746f4725de",
                "network_interface_id": "",
                "transit_gateway_id": "",
                "vpc_endpoint_id": "",
                "vpc_peering_connection_id": ""
              }
            ],
            "tags": {
              "Name": "NAT_ROUTE"
            },
            "tags_all": {
              "Name": "NAT_ROUTE"
            },
            "timeouts": null,
            "vpc_id": "vpc-02df1c26b0a773de7"
          },
          "sensitive_attributes": [],
          "private": "eyJlMmJmYjczMC1lY2FhLTExZTYtOGY4OC0zNDM2M2JjN2M0YzAiOnsiY3JlYXRlIjozMDAwMDAwMDAwMDAsImRlbGV0ZSI6MzAwMDAwMDAwMDAwLCJ1cGRhdGUiOjEyMDAwMDAwMDAwMH19",
          "dependencies": [
            "module.VPCC.aws_eip.NAT_EIP",
            "module.VPCC.aws_nat_gateway.NATGW",
            "module.VPCC.aws_subnet.edge_external_subnet_1a",
            "module.VPCC.aws_vpc.vpc3"
          ]
        }
      ]
    },
    {
      "module": "module.VPCC",
      "mode": "managed",
      "type": "aws_route_table",
      "name": "edge_pub_rt",
      "provider": "provider[\"registry.terraform.io/hashicorp/aws\"]",
      "instances": [
        {
          "schema_version": 0,
          "attributes": {
            "arn": "arn:aws:ec2:us-east-1:999841755538:route-table/rtb-0b3e367b956e02951",
            "id": "rtb-0b3e367b956e02951",
            "owner_id": "999841755538",
            "propagating_vgws": [],
            "route": [
              {
                "carrier_gateway_id": "",
                "cidr_block": "0.0.0.0/0",
                "core_network_arn": "",
                "destination_prefix_list_id": "",
                "egress_only_gateway_id": "",
                "gateway_id": "igw-080e3f18a10534ffe",
                "instance_id": "",
                "ipv6_cidr_block": "",
                "local_gateway_id": "",
                "nat_gateway_id": "",
                "network_interface_id": "",
                "transit_gateway_id": "",
                "vpc_endpoint_id": "",
                "vpc_peering_connection_id": ""
              },
              {
                "carrier_gateway_id": "",
                "cidr_block": "10.10.0.0/16",
                "core_network_arn": "",
                "destination_prefix_list_id": "",
                "egress_only_gateway_id": "",
                "gateway_id": "",
                "instance_id": "",
                "ipv6_cidr_block": "",
                "local_gateway_id": "",
                "nat_gateway_id": "",
                "network_interface_id": "",
                "transit_gateway_id": "tgw-0f9f3c03e503f2a5d",
                "vpc_endpoint_id": "",
                "vpc_peering_connection_id": ""
              },
              {
                "carrier_gateway_id": "",
                "cidr_block": "10.20.0.0/16",
                "core_network_arn": "",
                "destination_prefix_list_id": "",
                "egress_only_gateway_id": "",
                "gateway_id": "",
                "instance_id": "",
                "ipv6_cidr_block": "",
                "local_gateway_id": "",
                "nat_gateway_id": "",
                "network_interface_id": "",
                "transit_gateway_id": "tgw-0f9f3c03e503f2a5d",
                "vpc_endpoint_id": "",
                "vpc_peering_connection_id": ""
              }
            ],
            "tags": {
              "Name": "Edge_VPC_Public_Route_Table"
            },
            "tags_all": {
              "Name": "Edge_VPC_Public_Route_Table"
            },
            "timeouts": null,
            "vpc_id": "vpc-02df1c26b0a773de7"
          },
          "sensitive_attributes": [],
          "private": "eyJlMmJmYjczMC1lY2FhLTExZTYtOGY4OC0zNDM2M2JjN2M0YzAiOnsiY3JlYXRlIjozMDAwMDAwMDAwMDAsImRlbGV0ZSI6MzAwMDAwMDAwMDAwLCJ1cGRhdGUiOjEyMDAwMDAwMDAwMH19",
          "dependencies": [
            "module.VPCC.aws_internet_gateway.edge_vpc_igw",
            "module.VPCC.aws_vpc.vpc3",
            "module.transitGW.aws_ec2_transit_gateway.demo_tgw"
          ]
        }
      ]
    },
    {
      "module": "module.VPCC",
      "mode": "managed",
      "type": "aws_route_table_association",
      "name": "edge_rt_associatio_1a",
      "provider": "provider[\"registry.terraform.io/hashicorp/aws\"]",
      "instances": [
        {
          "schema_version": 0,
          "attributes": {
            "gateway_id": "",
            "id": "rtbassoc-00b7b613699bafabe",
            "route_table_id": "rtb-0b3e367b956e02951",
            "subnet_id": "subnet-03005b1eaddef445c"
          },
          "sensitive_attributes": [],
          "private": "bnVsbA==",
          "dependencies": [
            "module.VPCC.aws_internet_gateway.edge_vpc_igw",
            "module.VPCC.aws_route_table.edge_pub_rt",
            "module.VPCC.aws_subnet.edge_external_subnet_1a",
            "module.VPCC.aws_vpc.vpc3",
            "module.transitGW.aws_ec2_transit_gateway.demo_tgw"
          ]
        }
      ]
    },
    {
      "module": "module.VPCC",
      "mode": "managed",
      "type": "aws_route_table_association",
      "name": "nat_internal_association",
      "provider": "provider[\"registry.terraform.io/hashicorp/aws\"]",
      "instances": [
        {
          "schema_version": 0,
          "attributes": {
            "gateway_id": "",
            "id": "rtbassoc-0510460002a6cabfc",
            "route_table_id": "rtb-017dbadf1fd71d4ed",
            "subnet_id": "subnet-06084aed83f5b25df"
          },
          "sensitive_attributes": [],
          "private": "bnVsbA==",
          "dependencies": [
            "module.VPCC.aws_eip.NAT_EIP",
            "module.VPCC.aws_nat_gateway.NATGW",
            "module.VPCC.aws_route_table.edge_internal_rt",
            "module.VPCC.aws_subnet.edge_external_subnet_1a",
            "module.VPCC.aws_subnet.edge_internal_subnet_1a",
            "module.VPCC.aws_vpc.vpc3"
          ]
        }
      ]
    },
    {
      "module": "module.VPCC",
      "mode": "managed",
      "type": "aws_security_group",
      "name": "edge_vpc_permissive_sg",
      "provider": "provider[\"registry.terraform.io/hashicorp/aws\"]",
      "instances": [
        {
          "schema_version": 1,
          "attributes": {
            "arn": "arn:aws:ec2:us-east-1:999841755538:security-group/sg-097c77ba7cc670975",
            "description": "edge_vpc_permissive_sg",
            "egress": [
              {
                "cidr_blocks": [
                  "0.0.0.0/0"
                ],
                "description": "",
                "from_port": 0,
                "ipv6_cidr_blocks": [],
                "prefix_list_ids": [],
                "protocol": "-1",
                "security_groups": [],
                "self": false,
                "to_port": 0
              }
            ],
            "id": "sg-097c77ba7cc670975",
            "ingress": [
              {
                "cidr_blocks": [
                  "0.0.0.0/0"
                ],
                "description": "",
                "from_port": 0,
                "ipv6_cidr_blocks": [],
                "prefix_list_ids": [],
                "protocol": "-1",
                "security_groups": [],
                "self": false,
                "to_port": 0
              }
            ],
            "name": "edge_vpc_permissive_sg",
            "name_prefix": "",
            "owner_id": "999841755538",
            "revoke_rules_on_delete": false,
            "tags": null,
            "tags_all": {},
            "timeouts": null,
            "vpc_id": "vpc-02df1c26b0a773de7"
          },
          "sensitive_attributes": [],
          "private": "eyJlMmJmYjczMC1lY2FhLTExZTYtOGY4OC0zNDM2M2JjN2M0YzAiOnsiY3JlYXRlIjo2MDAwMDAwMDAwMDAsImRlbGV0ZSI6OTAwMDAwMDAwMDAwfSwic2NoZW1hX3ZlcnNpb24iOiIxIn0=",
          "dependencies": [
            "module.VPCC.aws_vpc.vpc3"
          ]
        }
      ]
    },
    {
      "module": "module.VPCC",
      "mode": "managed",
      "type": "aws_security_group",
      "name": "edge_web_sg",
      "provider": "provider[\"registry.terraform.io/hashicorp/aws\"]",
      "instances": [
        {
          "schema_version": 1,
          "attributes": {
            "arn": "arn:aws:ec2:us-east-1:999841755538:security-group/sg-0fa3e17d703a2d259",
            "description": "edge_web_sg",
            "egress": [
              {
                "cidr_blocks": [
                  "0.0.0.0/0"
                ],
                "description": "",
                "from_port": 0,
                "ipv6_cidr_blocks": [],
                "prefix_list_ids": [],
                "protocol": "-1",
                "security_groups": [],
                "self": false,
                "to_port": 0
              }
            ],
            "id": "sg-0fa3e17d703a2d259",
            "ingress": [
              {
                "cidr_blocks": [
                  "0.0.0.0/0"
                ],
                "description": "",
                "from_port": 443,
                "ipv6_cidr_blocks": [],
                "prefix_list_ids": [],
                "protocol": "tcp",
                "security_groups": [],
                "self": false,
                "to_port": 443
              },
              {
                "cidr_blocks": [
                  "0.0.0.0/0"
                ],
                "description": "",
                "from_port": 80,
                "ipv6_cidr_blocks": [],
                "prefix_list_ids": [],
                "protocol": "tcp",
                "security_groups": [],
                "self": false,
                "to_port": 80
              },
              {
                "cidr_blocks": [
                  "0.0.0.0/0"
                ],
                "description": "",
                "from_port": 8,
                "ipv6_cidr_blocks": [],
                "prefix_list_ids": [],
                "protocol": "icmp",
                "security_groups": [],
                "self": false,
                "to_port": 0
              },
              {
                "cidr_blocks": [],
                "description": "",
                "from_port": 22,
                "ipv6_cidr_blocks": [],
                "prefix_list_ids": [],
                "protocol": "tcp",
                "security_groups": [
                  "sg-097c77ba7cc670975"
                ],
                "self": false,
                "to_port": 22
              }
            ],
            "name": "edge_web_sg",
            "name_prefix": "",
            "owner_id": "999841755538",
            "revoke_rules_on_delete": false,
            "tags": null,
            "tags_all": {},
            "timeouts": null,
            "vpc_id": "vpc-02df1c26b0a773de7"
          },
          "sensitive_attributes": [],
          "private": "eyJlMmJmYjczMC1lY2FhLTExZTYtOGY4OC0zNDM2M2JjN2M0YzAiOnsiY3JlYXRlIjo2MDAwMDAwMDAwMDAsImRlbGV0ZSI6OTAwMDAwMDAwMDAwfSwic2NoZW1hX3ZlcnNpb24iOiIxIn0=",
          "dependencies": [
            "module.VPCC.aws_security_group.edge_vpc_permissive_sg",
            "module.VPCC.aws_vpc.vpc3"
          ]
        }
      ]
    },
    {
      "module": "module.VPCC",
      "mode": "managed",
      "type": "aws_subnet",
      "name": "edge_external_subnet_1a",
      "provider": "provider[\"registry.terraform.io/hashicorp/aws\"]",
      "instances": [
        {
          "schema_version": 1,
          "attributes": {
            "arn": "arn:aws:ec2:us-east-1:999841755538:subnet/subnet-03005b1eaddef445c",
            "assign_ipv6_address_on_creation": false,
            "availability_zone": "us-east-1a",
            "availability_zone_id": "use1-az2",
            "cidr_block": "192.168.1.0/24",
            "customer_owned_ipv4_pool": "",
            "enable_dns64": false,
            "enable_resource_name_dns_a_record_on_launch": false,
            "enable_resource_name_dns_aaaa_record_on_launch": false,
            "id": "subnet-03005b1eaddef445c",
            "ipv6_cidr_block": "",
            "ipv6_cidr_block_association_id": "",
            "ipv6_native": false,
            "map_customer_owned_ip_on_launch": false,
            "map_public_ip_on_launch": true,
            "outpost_arn": "",
            "owner_id": "999841755538",
            "private_dns_hostname_type_on_launch": "ip-name",
            "tags": {
              "Name": "VPC3_public_subnet_1a_ex"
            },
            "tags_all": {
              "Name": "VPC3_public_subnet_1a_ex"
            },
            "timeouts": null,
            "vpc_id": "vpc-02df1c26b0a773de7"
          },
          "sensitive_attributes": [],
          "private": "eyJlMmJmYjczMC1lY2FhLTExZTYtOGY4OC0zNDM2M2JjN2M0YzAiOnsiY3JlYXRlIjo2MDAwMDAwMDAwMDAsImRlbGV0ZSI6MTIwMDAwMDAwMDAwMH0sInNjaGVtYV92ZXJzaW9uIjoiMSJ9",
          "dependencies": [
            "module.VPCC.aws_vpc.vpc3"
          ]
        }
      ]
    },
    {
      "module": "module.VPCC",
      "mode": "managed",
      "type": "aws_subnet",
      "name": "edge_internal_subnet_1a",
      "provider": "provider[\"registry.terraform.io/hashicorp/aws\"]",
      "instances": [
        {
          "schema_version": 1,
          "attributes": {
            "arn": "arn:aws:ec2:us-east-1:999841755538:subnet/subnet-06084aed83f5b25df",
            "assign_ipv6_address_on_creation": false,
            "availability_zone": "us-east-1a",
            "availability_zone_id": "use1-az2",
            "cidr_block": "192.168.2.0/24",
            "customer_owned_ipv4_pool": "",
            "enable_dns64": false,
            "enable_resource_name_dns_a_record_on_launch": false,
            "enable_resource_name_dns_aaaa_record_on_launch": false,
            "id": "subnet-06084aed83f5b25df",
            "ipv6_cidr_block": "",
            "ipv6_cidr_block_association_id": "",
            "ipv6_native": false,
            "map_customer_owned_ip_on_launch": false,
            "map_public_ip_on_launch": false,
            "outpost_arn": "",
            "owner_id": "999841755538",
            "private_dns_hostname_type_on_launch": "ip-name",
            "tags": {
              "Name": "VPC3_private_Subnet_1b_internal"
            },
            "tags_all": {
              "Name": "VPC3_private_Subnet_1b_internal"
            },
            "timeouts": null,
            "vpc_id": "vpc-02df1c26b0a773de7"
          },
          "sensitive_attributes": [],
          "private": "eyJlMmJmYjczMC1lY2FhLTExZTYtOGY4OC0zNDM2M2JjN2M0YzAiOnsiY3JlYXRlIjo2MDAwMDAwMDAwMDAsImRlbGV0ZSI6MTIwMDAwMDAwMDAwMH0sInNjaGVtYV92ZXJzaW9uIjoiMSJ9",
          "dependencies": [
            "module.VPCC.aws_vpc.vpc3"
          ]
        }
      ]
    },
    {
      "module": "module.VPCC",
      "mode": "managed",
      "type": "aws_vpc",
      "name": "vpc3",
      "provider": "provider[\"registry.terraform.io/hashicorp/aws\"]",
      "instances": [
        {
          "schema_version": 1,
          "attributes": {
            "arn": "arn:aws:ec2:us-east-1:999841755538:vpc/vpc-02df1c26b0a773de7",
            "assign_generated_ipv6_cidr_block": false,
            "cidr_block": "192.168.0.0/16",
            "default_network_acl_id": "acl-031f8a43a7a421350",
            "default_route_table_id": "rtb-0ea3ead7284adbc6b",
            "default_security_group_id": "sg-0b44fbd03ebae8a45",
            "dhcp_options_id": "dopt-078447ebb5da02506",
            "enable_classiclink": false,
            "enable_classiclink_dns_support": false,
            "enable_dns_hostnames": false,
            "enable_dns_support": true,
            "enable_network_address_usage_metrics": false,
            "id": "vpc-02df1c26b0a773de7",
            "instance_tenancy": "default",
            "ipv4_ipam_pool_id": null,
            "ipv4_netmask_length": null,
            "ipv6_association_id": "",
            "ipv6_cidr_block": "",
            "ipv6_cidr_block_network_border_group": "",
            "ipv6_ipam_pool_id": "",
            "ipv6_netmask_length": 0,
            "main_route_table_id": "rtb-0ea3ead7284adbc6b",
            "owner_id": "999841755538",
            "tags": {
              "Name": "vpc_trunggian"
            },
            "tags_all": {
              "Name": "vpc_trunggian"
            }
          },
          "sensitive_attributes": [],
          "private": "eyJzY2hlbWFfdmVyc2lvbiI6IjEifQ=="
        }
      ]
    },
    {
      "module": "module.transitGW",
      "mode": "managed",
      "type": "aws_ec2_transit_gateway",
      "name": "demo_tgw",
      "provider": "provider[\"registry.terraform.io/hashicorp/aws\"]",
      "instances": [
        {
          "schema_version": 0,
          "attributes": {
            "amazon_side_asn": 64512,
            "arn": "arn:aws:ec2:us-east-1:999841755538:transit-gateway/tgw-0f9f3c03e503f2a5d",
            "association_default_route_table_id": "tgw-rtb-0929597c0279e20de",
            "auto_accept_shared_attachments": "disable",
            "default_route_table_association": "enable",
            "default_route_table_propagation": "enable",
            "description": "demo_tgw",
            "dns_support": "enable",
            "id": "tgw-0f9f3c03e503f2a5d",
            "multicast_support": "disable",
            "owner_id": "999841755538",
            "propagation_default_route_table_id": "tgw-rtb-0929597c0279e20de",
            "tags": {
              "Name": "Transit_Gateway"
            },
            "tags_all": {
              "Name": "Transit_Gateway"
            },
            "timeouts": null,
            "transit_gateway_cidr_blocks": null,
            "vpn_ecmp_support": "enable"
          },
          "sensitive_attributes": [],
          "private": "eyJlMmJmYjczMC1lY2FhLTExZTYtOGY4OC0zNDM2M2JjN2M0YzAiOnsiY3JlYXRlIjo2MDAwMDAwMDAwMDAsImRlbGV0ZSI6NjAwMDAwMDAwMDAwLCJ1cGRhdGUiOjYwMDAwMDAwMDAwMH19"
        }
      ]
    },
    {
      "module": "module.transitGW",
      "mode": "managed",
      "type": "aws_ec2_transit_gateway_route",
      "name": "tgw_VPA_route",
      "provider": "provider[\"registry.terraform.io/hashicorp/aws\"]",
      "instances": [
        {
          "schema_version": 0,
          "attributes": {
            "blackhole": false,
            "destination_cidr_block": "10.20.0.0/16",
            "id": "tgw-rtb-0d6f85fd8345c5ea9_10.20.0.0/16",
            "transit_gateway_attachment_id": "tgw-attach-07a3d7849862421fc",
            "transit_gateway_route_table_id": "tgw-rtb-0d6f85fd8345c5ea9"
          },
          "sensitive_attributes": [],
          "private": "bnVsbA==",
          "dependencies": [
            "module.VPCA.aws_ec2_transit_gateway_vpc_attachment.tgw_attach_VPC1",
            "module.VPCA.aws_subnet.private_data_subnet_az1",
            "module.VPCA.aws_vpc.vpc1",
            "module.VPCA.data.aws_availability_zones.available_zones",
            "module.transitGW.aws_ec2_transit_gateway.demo_tgw",
            "module.transitGW.aws_ec2_transit_gateway_route_table.TGW_VPC_A_to_B_route_table"
          ]
        }
      ]
    },
    {
      "module": "module.transitGW",
      "mode": "managed",
      "type": "aws_ec2_transit_gateway_route",
      "name": "tgw_VPB_route",
      "provider": "provider[\"registry.terraform.io/hashicorp/aws\"]",
      "instances": [
        {
          "schema_version": 0,
          "attributes": {
            "blackhole": false,
            "destination_cidr_block": "10.10.0.0/16",
            "id": "tgw-rtb-0d6f85fd8345c5ea9_10.10.0.0/16",
            "transit_gateway_attachment_id": "tgw-attach-0f46fef8981558b07",
            "transit_gateway_route_table_id": "tgw-rtb-0d6f85fd8345c5ea9"
          },
          "sensitive_attributes": [],
          "private": "bnVsbA==",
          "dependencies": [
            "module.VPCB.aws_ec2_transit_gateway_vpc_attachment.tgw_attach_VPC2",
            "module.VPCB.aws_subnet.private_data_subnet_az1",
            "module.VPCB.aws_vpc.vpc2",
            "module.VPCB.data.aws_availability_zones.available_zones",
            "module.transitGW.aws_ec2_transit_gateway.demo_tgw",
            "module.transitGW.aws_ec2_transit_gateway_route_table.TGW_VPC_A_to_B_route_table"
          ]
        }
      ]
    },
    {
      "module": "module.transitGW",
      "mode": "managed",
      "type": "aws_ec2_transit_gateway_route",
      "name": "tgw_spoke_route",
      "provider": "provider[\"registry.terraform.io/hashicorp/aws\"]",
      "instances": [
        {
          "schema_version": 0,
          "attributes": {
            "blackhole": false,
            "destination_cidr_block": "0.0.0.0/0",
            "id": "tgw-rtb-05b3cb2cbcb4bb7e0_0.0.0.0/0",
            "transit_gateway_attachment_id": "tgw-attach-0217d795a89e12306",
            "transit_gateway_route_table_id": "tgw-rtb-05b3cb2cbcb4bb7e0"
          },
          "sensitive_attributes": [],
          "private": "bnVsbA==",
          "dependencies": [
            "module.VPCC.aws_ec2_transit_gateway_vpc_attachment.tgw_attach_edge",
            "module.VPCC.aws_subnet.edge_external_subnet_1a",
            "module.VPCC.aws_vpc.vpc3",
            "module.transitGW.aws_ec2_transit_gateway.demo_tgw",
            "module.transitGW.aws_ec2_transit_gateway_route_table.TGW_spoke_route_table"
          ]
        }
      ]
    },
    {
      "module": "module.transitGW",
      "mode": "managed",
      "type": "aws_ec2_transit_gateway_route_table",
      "name": "TGW_VPC_A_to_B_route_table",
      "provider": "provider[\"registry.terraform.io/hashicorp/aws\"]",
      "instances": [
        {
          "schema_version": 0,
          "attributes": {
            "arn": "arn:aws:ec2:us-east-1:999841755538:transit-gateway-route-table/tgw-rtb-0d6f85fd8345c5ea9",
            "default_association_route_table": false,
            "default_propagation_route_table": false,
            "id": "tgw-rtb-0d6f85fd8345c5ea9",
            "tags": null,
            "tags_all": {},
            "transit_gateway_id": "tgw-0f9f3c03e503f2a5d"
          },
          "sensitive_attributes": [],
          "private": "bnVsbA==",
          "dependencies": [
            "module.transitGW.aws_ec2_transit_gateway.demo_tgw"
          ]
        }
      ]
    },
    {
      "module": "module.transitGW",
      "mode": "managed",
      "type": "aws_ec2_transit_gateway_route_table",
      "name": "TGW_spoke_route_table",
      "provider": "provider[\"registry.terraform.io/hashicorp/aws\"]",
      "instances": [
        {
          "schema_version": 0,
          "attributes": {
            "arn": "arn:aws:ec2:us-east-1:999841755538:transit-gateway-route-table/tgw-rtb-05b3cb2cbcb4bb7e0",
            "default_association_route_table": false,
            "default_propagation_route_table": false,
            "id": "tgw-rtb-05b3cb2cbcb4bb7e0",
            "tags": null,
            "tags_all": {},
            "transit_gateway_id": "tgw-0f9f3c03e503f2a5d"
          },
          "sensitive_attributes": [],
          "private": "bnVsbA==",
          "dependencies": [
            "module.transitGW.aws_ec2_transit_gateway.demo_tgw"
          ]
        }
      ]
    }
  ]
}
